PODS:
  - PlanetNineGateway (0.0.16)
  - Valet (3.2.3)

DEPENDENCIES:
  - PlanetNineGateway
  - Valet

SPEC REPOS:
  https://github.com/cocoapods/specs.git:
    - PlanetNineGateway
    - Valet

SPEC CHECKSUMS:
  PlanetNineGateway: 605bf3c54e7d052842b24591cb4a50dd455498db
  Valet: 4af0382d4a94db5c7861504f751884f653437d24

PODFILE CHECKSUM: f0e59fe3c0efa008c70ac775e6e104c6ab7b8751

COCOAPODS: 1.6.0
