PODS:
  - PlanetNineGateway (0.0.22)
  - Valet (3.2.3)

DEPENDENCIES:
  - PlanetNineGateway
  - Valet

SPEC REPOS:
  https://github.com/cocoapods/specs.git:
    - PlanetNineGateway
    - Valet

SPEC CHECKSUMS:
  PlanetNineGateway: 3a23ebddd959f6e7a1422ba607638e5064e094b7
  Valet: 4af0382d4a94db5c7861504f751884f653437d24

PODFILE CHECKSUM: e2b70a79f8cda58297529b4f2c2948481fd99c6e

COCOAPODS: 1.6.0
