// !$*UTF8*$!
{
	archiveVersion = 1;
	classes = {
	};
	objectVersion = 50;
	objects = {

/* Begin PBXBuildFile section */
		60707F5A1FBBF586D51E8776 /* Pods_The_Ballad_of_SigurdUITests.framework in Frameworks */ = {isa = PBXBuildFile; fileRef = 9D7D236FADCA30916E631D8C /* Pods_The_Ballad_of_SigurdUITests.framework */; };
		9C5C4FC038452A3C713A2843 /* Pods_The_Ballad_of_Lorbert.framework in Frameworks */ = {isa = PBXBuildFile; fileRef = 43E7256FB185FE04CC54A25C /* Pods_The_Ballad_of_Lorbert.framework */; };
		9D4A62EC3D3C4C740C7C1FCF /* Pods_The_Ballad_of_SigurdTests.framework in Frameworks */ = {isa = PBXBuildFile; fileRef = 53F3519C373C20127125D289 /* Pods_The_Ballad_of_SigurdTests.framework */; };
		CA1E76C3223C28A200EA0FAF /* EquipmentConsole.swift in Sources */ = {isa = PBXBuildFile; fileRef = CA1E76C2223C28A200EA0FAF /* EquipmentConsole.swift */; };
		CA1E76C5223C3BE500EA0FAF /* InventorySelector.swift in Sources */ = {isa = PBXBuildFile; fileRef = CA1E76C4223C3BE500EA0FAF /* InventorySelector.swift */; };
		CA1E76C8223C54FA00EA0FAF /* InventorySelectorTableViewCell.swift in Sources */ = {isa = PBXBuildFile; fileRef = CA1E76C7223C54FA00EA0FAF /* InventorySelectorTableViewCell.swift */; };
		CA1E76DE223C55CD00EA0FAF /* Nineum5_Small@3x.png in Resources */ = {isa = PBXBuildFile; fileRef = CA1E76C9223C55CC00EA0FAF /* Nineum5_Small@3x.png */; };
		CA1E76DF223C55CD00EA0FAF /* Nineum6_Small@3x.png in Resources */ = {isa = PBXBuildFile; fileRef = CA1E76CA223C55CC00EA0FAF /* Nineum6_Small@3x.png */; };
		CA1E76E0223C55CD00EA0FAF /* Nineum4_Small@3x.png in Resources */ = {isa = PBXBuildFile; fileRef = CA1E76CB223C55CC00EA0FAF /* Nineum4_Small@3x.png */; };
		CA1E76E1223C55CD00EA0FAF /* Nineum1_Small@3x.png in Resources */ = {isa = PBXBuildFile; fileRef = CA1E76CC223C55CC00EA0FAF /* Nineum1_Small@3x.png */; };
		CA1E76E2223C55CD00EA0FAF /* Nineum7_Small@2x.png in Resources */ = {isa = PBXBuildFile; fileRef = CA1E76CD223C55CC00EA0FAF /* Nineum7_Small@2x.png */; };
		CA1E76E3223C55CD00EA0FAF /* Nineum7_Small@3x.png in Resources */ = {isa = PBXBuildFile; fileRef = CA1E76CE223C55CC00EA0FAF /* Nineum7_Small@3x.png */; };
		CA1E76E4223C55CD00EA0FAF /* Nineum7_Small.png in Resources */ = {isa = PBXBuildFile; fileRef = CA1E76CF223C55CC00EA0FAF /* Nineum7_Small.png */; };
		CA1E76E5223C55CD00EA0FAF /* Nineum1_Small.png in Resources */ = {isa = PBXBuildFile; fileRef = CA1E76D0223C55CC00EA0FAF /* Nineum1_Small.png */; };
		CA1E76E6223C55CD00EA0FAF /* Nineum2_Small@2x.png in Resources */ = {isa = PBXBuildFile; fileRef = CA1E76D1223C55CC00EA0FAF /* Nineum2_Small@2x.png */; };
		CA1E76E7223C55CD00EA0FAF /* Nineum5_Small@2x.png in Resources */ = {isa = PBXBuildFile; fileRef = CA1E76D2223C55CC00EA0FAF /* Nineum5_Small@2x.png */; };
		CA1E76E8223C55CD00EA0FAF /* Nineum2_Small.png in Resources */ = {isa = PBXBuildFile; fileRef = CA1E76D3223C55CC00EA0FAF /* Nineum2_Small.png */; };
		CA1E76E9223C55CD00EA0FAF /* Nineum6_Small.png in Resources */ = {isa = PBXBuildFile; fileRef = CA1E76D4223C55CC00EA0FAF /* Nineum6_Small.png */; };
		CA1E76EA223C55CD00EA0FAF /* Nineum1_Small@2x.png in Resources */ = {isa = PBXBuildFile; fileRef = CA1E76D5223C55CC00EA0FAF /* Nineum1_Small@2x.png */; };
		CA1E76EB223C55CD00EA0FAF /* Nineum3_Small.png in Resources */ = {isa = PBXBuildFile; fileRef = CA1E76D6223C55CD00EA0FAF /* Nineum3_Small.png */; };
		CA1E76EC223C55CD00EA0FAF /* Nineum3_Small@2x.png in Resources */ = {isa = PBXBuildFile; fileRef = CA1E76D7223C55CD00EA0FAF /* Nineum3_Small@2x.png */; };
		CA1E76ED223C55CD00EA0FAF /* Nineum5_Small.png in Resources */ = {isa = PBXBuildFile; fileRef = CA1E76D8223C55CD00EA0FAF /* Nineum5_Small.png */; };
		CA1E76EE223C55CD00EA0FAF /* Nineum2_Small@3x.png in Resources */ = {isa = PBXBuildFile; fileRef = CA1E76D9223C55CD00EA0FAF /* Nineum2_Small@3x.png */; };
		CA1E76EF223C55CD00EA0FAF /* Nineum4_Small.png in Resources */ = {isa = PBXBuildFile; fileRef = CA1E76DA223C55CD00EA0FAF /* Nineum4_Small.png */; };
		CA1E76F0223C55CD00EA0FAF /* Nineum3_Small@3x.png in Resources */ = {isa = PBXBuildFile; fileRef = CA1E76DB223C55CD00EA0FAF /* Nineum3_Small@3x.png */; };
		CA1E76F1223C55CD00EA0FAF /* Nineum6_Small@2x.png in Resources */ = {isa = PBXBuildFile; fileRef = CA1E76DC223C55CD00EA0FAF /* Nineum6_Small@2x.png */; };
		CA1E76F2223C55CD00EA0FAF /* Nineum4_Small@2x.png in Resources */ = {isa = PBXBuildFile; fileRef = CA1E76DD223C55CD00EA0FAF /* Nineum4_Small@2x.png */; };
		CA46E3BD225296C6002E891C /* Alien2_Rest@3x.png in Resources */ = {isa = PBXBuildFile; fileRef = CA46E3B1225296C5002E891C /* Alien2_Rest@3x.png */; };
		CA46E3BF225296C6002E891C /* Alien3_Rest@3x.png in Resources */ = {isa = PBXBuildFile; fileRef = CA46E3B3225296C6002E891C /* Alien3_Rest@3x.png */; };
		CA46E3C1225296C6002E891C /* Alien3_Fight@3x.png in Resources */ = {isa = PBXBuildFile; fileRef = CA46E3B5225296C6002E891C /* Alien3_Fight@3x.png */; };
		CA46E3C2225296C6002E891C /* Alien1_Weapon@3x.png in Resources */ = {isa = PBXBuildFile; fileRef = CA46E3B6225296C6002E891C /* Alien1_Weapon@3x.png */; };
		CA46E3C3225296C6002E891C /* Alien2_Weapon@3x.png in Resources */ = {isa = PBXBuildFile; fileRef = CA46E3B7225296C6002E891C /* Alien2_Weapon@3x.png */; };
		CA46E3C4225296C6002E891C /* Alien1_Rest@3x.png in Resources */ = {isa = PBXBuildFile; fileRef = CA46E3B8225296C6002E891C /* Alien1_Rest@3x.png */; };
		CA46E3C6225296C6002E891C /* Background@3x.png in Resources */ = {isa = PBXBuildFile; fileRef = CA46E3BA225296C6002E891C /* Background@3x.png */; };
		CA46E3C7225296C6002E891C /* Alien3_Weapon@3x.png in Resources */ = {isa = PBXBuildFile; fileRef = CA46E3BB225296C6002E891C /* Alien3_Weapon@3x.png */; };
		CA46E3CA2252ACD3002E891C /* BrynAttack.swift in Sources */ = {isa = PBXBuildFile; fileRef = CA46E3C92252ACD3002E891C /* BrynAttack.swift */; };
		CA46E3CC2252B234002E891C /* SigurdAttack.swift in Sources */ = {isa = PBXBuildFile; fileRef = CA46E3CB2252B234002E891C /* SigurdAttack.swift */; };
		CA46E3CE2252B4A8002E891C /* BattleAnders.swift in Sources */ = {isa = PBXBuildFile; fileRef = CA46E3CD2252B4A8002E891C /* BattleAnders.swift */; };
		CA46E3D02252B72C002E891C /* AndersAttack.swift in Sources */ = {isa = PBXBuildFile; fileRef = CA46E3CF2252B72C002E891C /* AndersAttack.swift */; };
		CA46E3D42253E279002E891C /* SpecialPowerButton.swift in Sources */ = {isa = PBXBuildFile; fileRef = CA46E3D32253E279002E891C /* SpecialPowerButton.swift */; };
		CA46E3D62253EC91002E891C /* InventoryButton.swift in Sources */ = {isa = PBXBuildFile; fileRef = CA46E3D52253EC91002E891C /* InventoryButton.swift */; };
		CA640C2722209682004905E0 /* AbstractPlayerCharacter.swift in Sources */ = {isa = PBXBuildFile; fileRef = CA640C2622209682004905E0 /* AbstractPlayerCharacter.swift */; };
		CA640C2B2220987D004905E0 /* Rune.swift in Sources */ = {isa = PBXBuildFile; fileRef = CA640C2A2220987D004905E0 /* Rune.swift */; };
		CA640C2D2220988F004905E0 /* Weapon.swift in Sources */ = {isa = PBXBuildFile; fileRef = CA640C2C2220988F004905E0 /* Weapon.swift */; };
		CA640C2F222098AF004905E0 /* Helm.swift in Sources */ = {isa = PBXBuildFile; fileRef = CA640C2E222098AF004905E0 /* Helm.swift */; };
		CA640C31222098BD004905E0 /* BodyArmor.swift in Sources */ = {isa = PBXBuildFile; fileRef = CA640C30222098BD004905E0 /* BodyArmor.swift */; };
		CA640C33222098CE004905E0 /* Bracers.swift in Sources */ = {isa = PBXBuildFile; fileRef = CA640C32222098CE004905E0 /* Bracers.swift */; };
		CA640C35222098E4004905E0 /* Shield.swift in Sources */ = {isa = PBXBuildFile; fileRef = CA640C34222098E4004905E0 /* Shield.swift */; };
		CA640C37222098FA004905E0 /* Necklace.swift in Sources */ = {isa = PBXBuildFile; fileRef = CA640C36222098FA004905E0 /* Necklace.swift */; };
		CA640C392220990B004905E0 /* Boots.swift in Sources */ = {isa = PBXBuildFile; fileRef = CA640C382220990B004905E0 /* Boots.swift */; };
		CA640C3B22209925004905E0 /* Gloves.swift in Sources */ = {isa = PBXBuildFile; fileRef = CA640C3A22209925004905E0 /* Gloves.swift */; };
		CA640C3D22209A40004905E0 /* InventoryManager.swift in Sources */ = {isa = PBXBuildFile; fileRef = CA640C3C22209A40004905E0 /* InventoryManager.swift */; };
		CA640C3F22209AD1004905E0 /* InventoryItem.swift in Sources */ = {isa = PBXBuildFile; fileRef = CA640C3E22209AD1004905E0 /* InventoryItem.swift */; };
		CA640C4222209BBC004905E0 /* Enums.swift in Sources */ = {isa = PBXBuildFile; fileRef = CA640C4122209BBC004905E0 /* Enums.swift */; };
		CA640C5A2220B46F004905E0 /* Orbitron-Bold.ttf in Resources */ = {isa = PBXBuildFile; fileRef = CA640C582220B46F004905E0 /* Orbitron-Bold.ttf */; };
		CA640C5B2220B46F004905E0 /* Ubuntu-Medium.ttf in Resources */ = {isa = PBXBuildFile; fileRef = CA640C592220B46F004905E0 /* Ubuntu-Medium.ttf */; };
		CA640C5D22248A8B004905E0 /* Utils.swift in Sources */ = {isa = PBXBuildFile; fileRef = CA640C5C22248A8B004905E0 /* Utils.swift */; };
		CA640C5F222491E3004905E0 /* AbstractBattleEnemy.swift in Sources */ = {isa = PBXBuildFile; fileRef = CA640C5E222491E3004905E0 /* AbstractBattleEnemy.swift */; };
		CA640C6222249AE9004905E0 /* Crypto.swift in Sources */ = {isa = PBXBuildFile; fileRef = CA640C6022249AE9004905E0 /* Crypto.swift */; };
		CA640C6322249AE9004905E0 /* crypto.js in Resources */ = {isa = PBXBuildFile; fileRef = CA640C6122249AE9004905E0 /* crypto.js */; };
		CA640C6522249E65004905E0 /* UserModel.swift in Sources */ = {isa = PBXBuildFile; fileRef = CA640C6422249E65004905E0 /* UserModel.swift */; };
		CA640C672225F1CC004905E0 /* InventoryScene.swift in Sources */ = {isa = PBXBuildFile; fileRef = CA640C662225F1CC004905E0 /* InventoryScene.swift */; };
		CA640C692225F80A004905E0 /* BattleScene.swift in Sources */ = {isa = PBXBuildFile; fileRef = CA640C682225F80A004905E0 /* BattleScene.swift */; };
		CA640C6E22260378004905E0 /* grassy_lake.png in Resources */ = {isa = PBXBuildFile; fileRef = CA640C6D22260378004905E0 /* grassy_lake.png */; };
		CA640C7022260492004905E0 /* BattleSigurd.swift in Sources */ = {isa = PBXBuildFile; fileRef = CA640C6F22260492004905E0 /* BattleSigurd.swift */; };
		CA640C722226053A004905E0 /* AbstractBattleCharacter.swift in Sources */ = {isa = PBXBuildFile; fileRef = CA640C712226053A004905E0 /* AbstractBattleCharacter.swift */; };
		CA640C742226071D004905E0 /* Baal_ready_pose_4x.png in Resources */ = {isa = PBXBuildFile; fileRef = CA640C732226071C004905E0 /* Baal_ready_pose_4x.png */; };
		CA640C7622260746004905E0 /* Bryn_4x_ready.png in Resources */ = {isa = PBXBuildFile; fileRef = CA640C7522260746004905E0 /* Bryn_4x_ready.png */; };
		CA640C782226077B004905E0 /* BattleBryn.swift in Sources */ = {isa = PBXBuildFile; fileRef = CA640C772226077B004905E0 /* BattleBryn.swift */; };
		CA640C7A22260A3F004905E0 /* Structs.swift in Sources */ = {isa = PBXBuildFile; fileRef = CA640C7922260A3F004905E0 /* Structs.swift */; };
		CA640C7C22260EFC004905E0 /* BattleControls.swift in Sources */ = {isa = PBXBuildFile; fileRef = CA640C7B22260EFC004905E0 /* BattleControls.swift */; };
		CA640C7E2227399A004905E0 /* Baal_action_pose_10x.png in Resources */ = {isa = PBXBuildFile; fileRef = CA640C7D2227399A004905E0 /* Baal_action_pose_10x.png */; };
		CA640C80222739A2004905E0 /* Bryn_4x_attack.png in Resources */ = {isa = PBXBuildFile; fileRef = CA640C7F222739A2004905E0 /* Bryn_4x_attack.png */; };
		CA640C8222273D0C004905E0 /* WoodElemental.swift in Sources */ = {isa = PBXBuildFile; fileRef = CA640C8122273D0C004905E0 /* WoodElemental.swift */; };
		CA640C8422273D37004905E0 /* wood_elemental_4x_game.png in Resources */ = {isa = PBXBuildFile; fileRef = CA640C8322273D37004905E0 /* wood_elemental_4x_game.png */; };
		CA640C8722274274004905E0 /* AbstractBattleEffect.swift in Sources */ = {isa = PBXBuildFile; fileRef = CA640C8622274274004905E0 /* AbstractBattleEffect.swift */; };
		CA640C892227429C004905E0 /* Damage.swift in Sources */ = {isa = PBXBuildFile; fileRef = CA640C882227429C004905E0 /* Damage.swift */; };
		CA640C8B22274F54004905E0 /* DrawingManager.swift in Sources */ = {isa = PBXBuildFile; fileRef = CA640C8A22274F54004905E0 /* DrawingManager.swift */; };
		CA640C8D22275F9E004905E0 /* RuneDrawing.sks in Resources */ = {isa = PBXBuildFile; fileRef = CA640C8C22275F9E004905E0 /* RuneDrawing.sks */; };
		CA640C8F22285811004905E0 /* spark.png in Resources */ = {isa = PBXBuildFile; fileRef = CA640C8E22285811004905E0 /* spark.png */; };
		CA640C9122285986004905E0 /* AbstractBattleRune.swift in Sources */ = {isa = PBXBuildFile; fileRef = CA640C9022285986004905E0 /* AbstractBattleRune.swift */; };
		CA640C93222859CD004905E0 /* BattleIsa.swift in Sources */ = {isa = PBXBuildFile; fileRef = CA640C92222859CD004905E0 /* BattleIsa.swift */; };
		CA640C9522285A81004905E0 /* runeIsa.png in Resources */ = {isa = PBXBuildFile; fileRef = CA640C9422285A81004905E0 /* runeIsa.png */; };
		CA640C972228690E004905E0 /* icecube.png in Resources */ = {isa = PBXBuildFile; fileRef = CA640C962228690D004905E0 /* icecube.png */; };
		CA640C9922287298004905E0 /* Healing.swift in Sources */ = {isa = PBXBuildFile; fileRef = CA640C9822287298004905E0 /* Healing.swift */; };
		CA640C9C222872F8004905E0 /* HealingRain.sks in Resources */ = {isa = PBXBuildFile; fileRef = CA640C9A222872F8004905E0 /* HealingRain.sks */; };
		CA640C9D222872F8004905E0 /* Assets.xcassets in Resources */ = {isa = PBXBuildFile; fileRef = CA640C9B222872F8004905E0 /* Assets.xcassets */; };
		CA640CA52228784D004905E0 /* cloud2.png in Resources */ = {isa = PBXBuildFile; fileRef = CA640CA42228784C004905E0 /* cloud2.png */; };
		CA640CAB2229E601004905E0 /* TutorialScene.swift in Sources */ = {isa = PBXBuildFile; fileRef = CA640CAA2229E601004905E0 /* TutorialScene.swift */; };
		CA640CAD2229E6EE004905E0 /* TutorialControls.swift in Sources */ = {isa = PBXBuildFile; fileRef = CA640CAC2229E6EE004905E0 /* TutorialControls.swift */; };
		CA640CAF2229E8D3004905E0 /* AbstractControls.swift in Sources */ = {isa = PBXBuildFile; fileRef = CA640CAE2229E8D3004905E0 /* AbstractControls.swift */; };
		CA75E204222DCF7300F2D5B8 /* BattleDialog.swift in Sources */ = {isa = PBXBuildFile; fileRef = CA75E203222DCF7300F2D5B8 /* BattleDialog.swift */; };
		CA75E206222DEE5600F2D5B8 /* StatusBar.swift in Sources */ = {isa = PBXBuildFile; fileRef = CA75E205222DEE5600F2D5B8 /* StatusBar.swift */; };
		CA75E209222F377B00F2D5B8 /* StatColumn.swift in Sources */ = {isa = PBXBuildFile; fileRef = CA75E208222F377B00F2D5B8 /* StatColumn.swift */; };
		CAB009B5223DA0DA00900F3E /* InventoryControls.swift in Sources */ = {isa = PBXBuildFile; fileRef = CAB009B4223DA0DA00900F3E /* InventoryControls.swift */; };
		CAB009B722458DCD00900F3E /* CharacterSelector.swift in Sources */ = {isa = PBXBuildFile; fileRef = CAB009B622458DCD00900F3E /* CharacterSelector.swift */; };
		CAB009B9224964B700900F3E /* CharacterSelected.swift in Sources */ = {isa = PBXBuildFile; fileRef = CAB009B8224964B700900F3E /* CharacterSelected.swift */; };
		CAB009BB224964C500900F3E /* ExitButton.swift in Sources */ = {isa = PBXBuildFile; fileRef = CAB009BA224964C500900F3E /* ExitButton.swift */; };
		CAB4EADD221F693B0066EDC4 /* AppDelegate.swift in Sources */ = {isa = PBXBuildFile; fileRef = CAB4EADC221F693B0066EDC4 /* AppDelegate.swift */; };
		CAB4EADF221F693B0066EDC4 /* GameScene.sks in Resources */ = {isa = PBXBuildFile; fileRef = CAB4EADE221F693B0066EDC4 /* GameScene.sks */; };
		CAB4EAE1221F693B0066EDC4 /* Actions.sks in Resources */ = {isa = PBXBuildFile; fileRef = CAB4EAE0221F693B0066EDC4 /* Actions.sks */; };
		CAB4EAE3221F693B0066EDC4 /* GameScene.swift in Sources */ = {isa = PBXBuildFile; fileRef = CAB4EAE2221F693B0066EDC4 /* GameScene.swift */; };
		CAB4EAE5221F693B0066EDC4 /* GameViewController.swift in Sources */ = {isa = PBXBuildFile; fileRef = CAB4EAE4221F693B0066EDC4 /* GameViewController.swift */; };
		CAB4EAE8221F693B0066EDC4 /* Main.storyboard in Resources */ = {isa = PBXBuildFile; fileRef = CAB4EAE6221F693B0066EDC4 /* Main.storyboard */; };
		CAB4EAEA221F693D0066EDC4 /* Assets.xcassets in Resources */ = {isa = PBXBuildFile; fileRef = CAB4EAE9221F693D0066EDC4 /* Assets.xcassets */; };
		CAB4EAED221F693D0066EDC4 /* LaunchScreen.storyboard in Resources */ = {isa = PBXBuildFile; fileRef = CAB4EAEB221F693D0066EDC4 /* LaunchScreen.storyboard */; };
		CAB4EAF8221F693D0066EDC4 /* The_Ballad_of_SigurdTests.swift in Sources */ = {isa = PBXBuildFile; fileRef = CAB4EAF7221F693D0066EDC4 /* The_Ballad_of_SigurdTests.swift */; };
		CAB4EB03221F693D0066EDC4 /* The_Ballad_of_SigurdUITests.swift in Sources */ = {isa = PBXBuildFile; fileRef = CAB4EB02221F693D0066EDC4 /* The_Ballad_of_SigurdUITests.swift */; };
		CAB4EC1D221F6A570066EDC4 /* LFCGzipUtility.m in Sources */ = {isa = PBXBuildFile; fileRef = CAB4EC1A221F6A560066EDC4 /* LFCGzipUtility.m */; };
		CAB4EC1E221F6A570066EDC4 /* JSTileMap.m in Sources */ = {isa = PBXBuildFile; fileRef = CAB4EC1C221F6A570066EDC4 /* JSTileMap.m */; };
		CAB4EC23221F6AB90066EDC4 /* AbstractScene.swift in Sources */ = {isa = PBXBuildFile; fileRef = CAB4EC22221F6AB90066EDC4 /* AbstractScene.swift */; };
		CAC2C6DE2257D26000C5A78D /* Alien2_Fight@3x.png in Resources */ = {isa = PBXBuildFile; fileRef = CAC2C6DD2257D26000C5A78D /* Alien2_Fight@3x.png */; };
		CAC2C6E02257D28100C5A78D /* Alien1_Fight@3x.png in Resources */ = {isa = PBXBuildFile; fileRef = CAC2C6DF2257D28100C5A78D /* Alien1_Fight@3x.png */; };
		CAC2C6EA225800FE00C5A78D /* AlienBoss_Weapon@3x.png in Resources */ = {isa = PBXBuildFile; fileRef = CAC2C6E1225800FD00C5A78D /* AlienBoss_Weapon@3x.png */; };
		CAC2C6EB225800FE00C5A78D /* AlienBoss_Fight@3x.png in Resources */ = {isa = PBXBuildFile; fileRef = CAC2C6E2225800FE00C5A78D /* AlienBoss_Fight@3x.png */; };
		CAC2C6EC225800FE00C5A78D /* Lorbert_Small@3x.png in Resources */ = {isa = PBXBuildFile; fileRef = CAC2C6E3225800FE00C5A78D /* Lorbert_Small@3x.png */; };
		CAC2C6ED225800FE00C5A78D /* IO_Large@3x.png in Resources */ = {isa = PBXBuildFile; fileRef = CAC2C6E4225800FE00C5A78D /* IO_Large@3x.png */; };
		CAC2C6EE225800FE00C5A78D /* AlienBoss_Rest@3x.png in Resources */ = {isa = PBXBuildFile; fileRef = CAC2C6E5225800FE00C5A78D /* AlienBoss_Rest@3x.png */; };
		CAC2C6EF225800FE00C5A78D /* IO_Small@3x.png in Resources */ = {isa = PBXBuildFile; fileRef = CAC2C6E6225800FE00C5A78D /* IO_Small@3x.png */; };
		CAC2C6F0225800FE00C5A78D /* Artro_Large@3x.png in Resources */ = {isa = PBXBuildFile; fileRef = CAC2C6E7225800FE00C5A78D /* Artro_Large@3x.png */; };
		CAC2C6F1225800FE00C5A78D /* Lorbert_Large@3x.png in Resources */ = {isa = PBXBuildFile; fileRef = CAC2C6E8225800FE00C5A78D /* Lorbert_Large@3x.png */; };
		CAC2C6F2225800FE00C5A78D /* Artro_Small@3x.png in Resources */ = {isa = PBXBuildFile; fileRef = CAC2C6E9225800FE00C5A78D /* Artro_Small@3x.png */; };
		CAC2C6F4225805FB00C5A78D /* BossAttack.swift in Sources */ = {isa = PBXBuildFile; fileRef = CAC2C6F3225805FB00C5A78D /* BossAttack.swift */; };
/* End PBXBuildFile section */

/* Begin PBXContainerItemProxy section */
		CAB4EAF4221F693D0066EDC4 /* PBXContainerItemProxy */ = {
			isa = PBXContainerItemProxy;
			containerPortal = CAB4EAD1221F693B0066EDC4 /* Project object */;
			proxyType = 1;
			remoteGlobalIDString = CAB4EAD8221F693B0066EDC4;
			remoteInfo = "The Ballad of Sigurd";
		};
		CAB4EAFF221F693D0066EDC4 /* PBXContainerItemProxy */ = {
			isa = PBXContainerItemProxy;
			containerPortal = CAB4EAD1221F693B0066EDC4 /* Project object */;
			proxyType = 1;
			remoteGlobalIDString = CAB4EAD8221F693B0066EDC4;
			remoteInfo = "The Ballad of Sigurd";
		};
/* End PBXContainerItemProxy section */

/* Begin PBXFileReference section */
		24D633CB94050B79DD329C7B /* Pods-The Ballad of Lorbert.release.xcconfig */ = {isa = PBXFileReference; includeInIndex = 1; lastKnownFileType = text.xcconfig; name = "Pods-The Ballad of Lorbert.release.xcconfig"; path = "Target Support Files/Pods-The Ballad of Lorbert/Pods-The Ballad of Lorbert.release.xcconfig"; sourceTree = "<group>"; };
		43E7256FB185FE04CC54A25C /* Pods_The_Ballad_of_Lorbert.framework */ = {isa = PBXFileReference; explicitFileType = wrapper.framework; includeInIndex = 0; path = Pods_The_Ballad_of_Lorbert.framework; sourceTree = BUILT_PRODUCTS_DIR; };
		4B6C69EF00AF47D5B0D6E6E2 /* Pods-The Ballad of SigurdUITests.release.xcconfig */ = {isa = PBXFileReference; includeInIndex = 1; lastKnownFileType = text.xcconfig; name = "Pods-The Ballad of SigurdUITests.release.xcconfig"; path = "Target Support Files/Pods-The Ballad of SigurdUITests/Pods-The Ballad of SigurdUITests.release.xcconfig"; sourceTree = "<group>"; };
		510F921F2FBEA32777BD9CB4 /* Pods-The Ballad of SigurdTests.release.xcconfig */ = {isa = PBXFileReference; includeInIndex = 1; lastKnownFileType = text.xcconfig; name = "Pods-The Ballad of SigurdTests.release.xcconfig"; path = "Target Support Files/Pods-The Ballad of SigurdTests/Pods-The Ballad of SigurdTests.release.xcconfig"; sourceTree = "<group>"; };
		53F3519C373C20127125D289 /* Pods_The_Ballad_of_SigurdTests.framework */ = {isa = PBXFileReference; explicitFileType = wrapper.framework; includeInIndex = 0; path = Pods_The_Ballad_of_SigurdTests.framework; sourceTree = BUILT_PRODUCTS_DIR; };
		6059DB171FC9D443A925B423 /* Pods_The_Ballad_of_Sigurd.framework */ = {isa = PBXFileReference; explicitFileType = wrapper.framework; includeInIndex = 0; path = Pods_The_Ballad_of_Sigurd.framework; sourceTree = BUILT_PRODUCTS_DIR; };
		9D7D236FADCA30916E631D8C /* Pods_The_Ballad_of_SigurdUITests.framework */ = {isa = PBXFileReference; explicitFileType = wrapper.framework; includeInIndex = 0; path = Pods_The_Ballad_of_SigurdUITests.framework; sourceTree = BUILT_PRODUCTS_DIR; };
		A0E70B37BE82543C425A1373 /* Pods-The Ballad of Sigurd.release.xcconfig */ = {isa = PBXFileReference; includeInIndex = 1; lastKnownFileType = text.xcconfig; name = "Pods-The Ballad of Sigurd.release.xcconfig"; path = "Target Support Files/Pods-The Ballad of Sigurd/Pods-The Ballad of Sigurd.release.xcconfig"; sourceTree = "<group>"; };
		AE82BB8F9771EABDB5D8FCF8 /* Pods-The Ballad of SigurdUITests.debug.xcconfig */ = {isa = PBXFileReference; includeInIndex = 1; lastKnownFileType = text.xcconfig; name = "Pods-The Ballad of SigurdUITests.debug.xcconfig"; path = "Target Support Files/Pods-The Ballad of SigurdUITests/Pods-The Ballad of SigurdUITests.debug.xcconfig"; sourceTree = "<group>"; };
		CA1E76C2223C28A200EA0FAF /* EquipmentConsole.swift */ = {isa = PBXFileReference; lastKnownFileType = sourcecode.swift; path = EquipmentConsole.swift; sourceTree = "<group>"; };
		CA1E76C4223C3BE500EA0FAF /* InventorySelector.swift */ = {isa = PBXFileReference; lastKnownFileType = sourcecode.swift; path = InventorySelector.swift; sourceTree = "<group>"; };
		CA1E76C7223C54FA00EA0FAF /* InventorySelectorTableViewCell.swift */ = {isa = PBXFileReference; lastKnownFileType = sourcecode.swift; path = InventorySelectorTableViewCell.swift; sourceTree = "<group>"; };
		CA1E76C9223C55CC00EA0FAF /* Nineum5_Small@3x.png */ = {isa = PBXFileReference; lastKnownFileType = image.png; path = "Nineum5_Small@3x.png"; sourceTree = "<group>"; };
		CA1E76CA223C55CC00EA0FAF /* Nineum6_Small@3x.png */ = {isa = PBXFileReference; lastKnownFileType = image.png; path = "Nineum6_Small@3x.png"; sourceTree = "<group>"; };
		CA1E76CB223C55CC00EA0FAF /* Nineum4_Small@3x.png */ = {isa = PBXFileReference; lastKnownFileType = image.png; path = "Nineum4_Small@3x.png"; sourceTree = "<group>"; };
		CA1E76CC223C55CC00EA0FAF /* Nineum1_Small@3x.png */ = {isa = PBXFileReference; lastKnownFileType = image.png; path = "Nineum1_Small@3x.png"; sourceTree = "<group>"; };
		CA1E76CD223C55CC00EA0FAF /* Nineum7_Small@2x.png */ = {isa = PBXFileReference; lastKnownFileType = image.png; path = "Nineum7_Small@2x.png"; sourceTree = "<group>"; };
		CA1E76CE223C55CC00EA0FAF /* Nineum7_Small@3x.png */ = {isa = PBXFileReference; lastKnownFileType = image.png; path = "Nineum7_Small@3x.png"; sourceTree = "<group>"; };
		CA1E76CF223C55CC00EA0FAF /* Nineum7_Small.png */ = {isa = PBXFileReference; lastKnownFileType = image.png; path = Nineum7_Small.png; sourceTree = "<group>"; };
		CA1E76D0223C55CC00EA0FAF /* Nineum1_Small.png */ = {isa = PBXFileReference; lastKnownFileType = image.png; path = Nineum1_Small.png; sourceTree = "<group>"; };
		CA1E76D1223C55CC00EA0FAF /* Nineum2_Small@2x.png */ = {isa = PBXFileReference; lastKnownFileType = image.png; path = "Nineum2_Small@2x.png"; sourceTree = "<group>"; };
		CA1E76D2223C55CC00EA0FAF /* Nineum5_Small@2x.png */ = {isa = PBXFileReference; lastKnownFileType = image.png; path = "Nineum5_Small@2x.png"; sourceTree = "<group>"; };
		CA1E76D3223C55CC00EA0FAF /* Nineum2_Small.png */ = {isa = PBXFileReference; lastKnownFileType = image.png; path = Nineum2_Small.png; sourceTree = "<group>"; };
		CA1E76D4223C55CC00EA0FAF /* Nineum6_Small.png */ = {isa = PBXFileReference; lastKnownFileType = image.png; path = Nineum6_Small.png; sourceTree = "<group>"; };
		CA1E76D5223C55CC00EA0FAF /* Nineum1_Small@2x.png */ = {isa = PBXFileReference; lastKnownFileType = image.png; path = "Nineum1_Small@2x.png"; sourceTree = "<group>"; };
		CA1E76D6223C55CD00EA0FAF /* Nineum3_Small.png */ = {isa = PBXFileReference; lastKnownFileType = image.png; path = Nineum3_Small.png; sourceTree = "<group>"; };
		CA1E76D7223C55CD00EA0FAF /* Nineum3_Small@2x.png */ = {isa = PBXFileReference; lastKnownFileType = image.png; path = "Nineum3_Small@2x.png"; sourceTree = "<group>"; };
		CA1E76D8223C55CD00EA0FAF /* Nineum5_Small.png */ = {isa = PBXFileReference; lastKnownFileType = image.png; path = Nineum5_Small.png; sourceTree = "<group>"; };
		CA1E76D9223C55CD00EA0FAF /* Nineum2_Small@3x.png */ = {isa = PBXFileReference; lastKnownFileType = image.png; path = "Nineum2_Small@3x.png"; sourceTree = "<group>"; };
		CA1E76DA223C55CD00EA0FAF /* Nineum4_Small.png */ = {isa = PBXFileReference; lastKnownFileType = image.png; path = Nineum4_Small.png; sourceTree = "<group>"; };
		CA1E76DB223C55CD00EA0FAF /* Nineum3_Small@3x.png */ = {isa = PBXFileReference; lastKnownFileType = image.png; path = "Nineum3_Small@3x.png"; sourceTree = "<group>"; };
		CA1E76DC223C55CD00EA0FAF /* Nineum6_Small@2x.png */ = {isa = PBXFileReference; lastKnownFileType = image.png; path = "Nineum6_Small@2x.png"; sourceTree = "<group>"; };
		CA1E76DD223C55CD00EA0FAF /* Nineum4_Small@2x.png */ = {isa = PBXFileReference; lastKnownFileType = image.png; path = "Nineum4_Small@2x.png"; sourceTree = "<group>"; };
		CA46E3B1225296C5002E891C /* Alien2_Rest@3x.png */ = {isa = PBXFileReference; lastKnownFileType = image.png; path = "Alien2_Rest@3x.png"; sourceTree = "<group>"; };
		CA46E3B3225296C6002E891C /* Alien3_Rest@3x.png */ = {isa = PBXFileReference; lastKnownFileType = image.png; path = "Alien3_Rest@3x.png"; sourceTree = "<group>"; };
		CA46E3B5225296C6002E891C /* Alien3_Fight@3x.png */ = {isa = PBXFileReference; lastKnownFileType = image.png; path = "Alien3_Fight@3x.png"; sourceTree = "<group>"; };
		CA46E3B6225296C6002E891C /* Alien1_Weapon@3x.png */ = {isa = PBXFileReference; lastKnownFileType = image.png; path = "Alien1_Weapon@3x.png"; sourceTree = "<group>"; };
		CA46E3B7225296C6002E891C /* Alien2_Weapon@3x.png */ = {isa = PBXFileReference; lastKnownFileType = image.png; path = "Alien2_Weapon@3x.png"; sourceTree = "<group>"; };
		CA46E3B8225296C6002E891C /* Alien1_Rest@3x.png */ = {isa = PBXFileReference; lastKnownFileType = image.png; path = "Alien1_Rest@3x.png"; sourceTree = "<group>"; };
		CA46E3BA225296C6002E891C /* Background@3x.png */ = {isa = PBXFileReference; lastKnownFileType = image.png; path = "Background@3x.png"; sourceTree = "<group>"; };
		CA46E3BB225296C6002E891C /* Alien3_Weapon@3x.png */ = {isa = PBXFileReference; lastKnownFileType = image.png; path = "Alien3_Weapon@3x.png"; sourceTree = "<group>"; };
		CA46E3C92252ACD3002E891C /* BrynAttack.swift */ = {isa = PBXFileReference; lastKnownFileType = sourcecode.swift; path = BrynAttack.swift; sourceTree = "<group>"; };
		CA46E3CB2252B234002E891C /* SigurdAttack.swift */ = {isa = PBXFileReference; lastKnownFileType = sourcecode.swift; path = SigurdAttack.swift; sourceTree = "<group>"; };
		CA46E3CD2252B4A8002E891C /* BattleAnders.swift */ = {isa = PBXFileReference; lastKnownFileType = sourcecode.swift; path = BattleAnders.swift; sourceTree = "<group>"; };
		CA46E3CF2252B72C002E891C /* AndersAttack.swift */ = {isa = PBXFileReference; lastKnownFileType = sourcecode.swift; path = AndersAttack.swift; sourceTree = "<group>"; };
		CA46E3D32253E279002E891C /* SpecialPowerButton.swift */ = {isa = PBXFileReference; lastKnownFileType = sourcecode.swift; path = SpecialPowerButton.swift; sourceTree = "<group>"; };
		CA46E3D52253EC91002E891C /* InventoryButton.swift */ = {isa = PBXFileReference; lastKnownFileType = sourcecode.swift; path = InventoryButton.swift; sourceTree = "<group>"; };
		CA640C2622209682004905E0 /* AbstractPlayerCharacter.swift */ = {isa = PBXFileReference; lastKnownFileType = sourcecode.swift; path = AbstractPlayerCharacter.swift; sourceTree = "<group>"; };
		CA640C2A2220987D004905E0 /* Rune.swift */ = {isa = PBXFileReference; lastKnownFileType = sourcecode.swift; path = Rune.swift; sourceTree = "<group>"; };
		CA640C2C2220988F004905E0 /* Weapon.swift */ = {isa = PBXFileReference; lastKnownFileType = sourcecode.swift; path = Weapon.swift; sourceTree = "<group>"; };
		CA640C2E222098AF004905E0 /* Helm.swift */ = {isa = PBXFileReference; lastKnownFileType = sourcecode.swift; path = Helm.swift; sourceTree = "<group>"; };
		CA640C30222098BD004905E0 /* BodyArmor.swift */ = {isa = PBXFileReference; lastKnownFileType = sourcecode.swift; path = BodyArmor.swift; sourceTree = "<group>"; };
		CA640C32222098CE004905E0 /* Bracers.swift */ = {isa = PBXFileReference; lastKnownFileType = sourcecode.swift; path = Bracers.swift; sourceTree = "<group>"; };
		CA640C34222098E4004905E0 /* Shield.swift */ = {isa = PBXFileReference; lastKnownFileType = sourcecode.swift; path = Shield.swift; sourceTree = "<group>"; };
		CA640C36222098FA004905E0 /* Necklace.swift */ = {isa = PBXFileReference; lastKnownFileType = sourcecode.swift; path = Necklace.swift; sourceTree = "<group>"; };
		CA640C382220990B004905E0 /* Boots.swift */ = {isa = PBXFileReference; lastKnownFileType = sourcecode.swift; path = Boots.swift; sourceTree = "<group>"; };
		CA640C3A22209925004905E0 /* Gloves.swift */ = {isa = PBXFileReference; lastKnownFileType = sourcecode.swift; path = Gloves.swift; sourceTree = "<group>"; };
		CA640C3C22209A40004905E0 /* InventoryManager.swift */ = {isa = PBXFileReference; lastKnownFileType = sourcecode.swift; path = InventoryManager.swift; sourceTree = "<group>"; };
		CA640C3E22209AD1004905E0 /* InventoryItem.swift */ = {isa = PBXFileReference; lastKnownFileType = sourcecode.swift; path = InventoryItem.swift; sourceTree = "<group>"; };
		CA640C4122209BBC004905E0 /* Enums.swift */ = {isa = PBXFileReference; lastKnownFileType = sourcecode.swift; path = Enums.swift; sourceTree = "<group>"; };
		CA640C582220B46F004905E0 /* Orbitron-Bold.ttf */ = {isa = PBXFileReference; lastKnownFileType = file; path = "Orbitron-Bold.ttf"; sourceTree = "<group>"; };
		CA640C592220B46F004905E0 /* Ubuntu-Medium.ttf */ = {isa = PBXFileReference; lastKnownFileType = file; path = "Ubuntu-Medium.ttf"; sourceTree = "<group>"; };
		CA640C5C22248A8B004905E0 /* Utils.swift */ = {isa = PBXFileReference; lastKnownFileType = sourcecode.swift; path = Utils.swift; sourceTree = "<group>"; };
		CA640C5E222491E3004905E0 /* AbstractBattleEnemy.swift */ = {isa = PBXFileReference; lastKnownFileType = sourcecode.swift; path = AbstractBattleEnemy.swift; sourceTree = "<group>"; };
		CA640C6022249AE9004905E0 /* Crypto.swift */ = {isa = PBXFileReference; fileEncoding = 4; lastKnownFileType = sourcecode.swift; path = Crypto.swift; sourceTree = "<group>"; };
		CA640C6122249AE9004905E0 /* crypto.js */ = {isa = PBXFileReference; fileEncoding = 4; lastKnownFileType = sourcecode.javascript; path = crypto.js; sourceTree = "<group>"; };
		CA640C6422249E65004905E0 /* UserModel.swift */ = {isa = PBXFileReference; fileEncoding = 4; lastKnownFileType = sourcecode.swift; path = UserModel.swift; sourceTree = "<group>"; };
		CA640C662225F1CC004905E0 /* InventoryScene.swift */ = {isa = PBXFileReference; lastKnownFileType = sourcecode.swift; path = InventoryScene.swift; sourceTree = "<group>"; };
		CA640C682225F80A004905E0 /* BattleScene.swift */ = {isa = PBXFileReference; lastKnownFileType = sourcecode.swift; path = BattleScene.swift; sourceTree = "<group>"; };
		CA640C6D22260378004905E0 /* grassy_lake.png */ = {isa = PBXFileReference; lastKnownFileType = image.png; path = grassy_lake.png; sourceTree = "<group>"; };
		CA640C6F22260492004905E0 /* BattleSigurd.swift */ = {isa = PBXFileReference; lastKnownFileType = sourcecode.swift; path = BattleSigurd.swift; sourceTree = "<group>"; };
		CA640C712226053A004905E0 /* AbstractBattleCharacter.swift */ = {isa = PBXFileReference; lastKnownFileType = sourcecode.swift; path = AbstractBattleCharacter.swift; sourceTree = "<group>"; };
		CA640C732226071C004905E0 /* Baal_ready_pose_4x.png */ = {isa = PBXFileReference; lastKnownFileType = image.png; path = Baal_ready_pose_4x.png; sourceTree = "<group>"; };
		CA640C7522260746004905E0 /* Bryn_4x_ready.png */ = {isa = PBXFileReference; lastKnownFileType = image.png; path = Bryn_4x_ready.png; sourceTree = "<group>"; };
		CA640C772226077B004905E0 /* BattleBryn.swift */ = {isa = PBXFileReference; lastKnownFileType = sourcecode.swift; path = BattleBryn.swift; sourceTree = "<group>"; };
		CA640C7922260A3F004905E0 /* Structs.swift */ = {isa = PBXFileReference; lastKnownFileType = sourcecode.swift; path = Structs.swift; sourceTree = "<group>"; };
		CA640C7B22260EFC004905E0 /* BattleControls.swift */ = {isa = PBXFileReference; lastKnownFileType = sourcecode.swift; path = BattleControls.swift; sourceTree = "<group>"; };
		CA640C7D2227399A004905E0 /* Baal_action_pose_10x.png */ = {isa = PBXFileReference; lastKnownFileType = image.png; path = Baal_action_pose_10x.png; sourceTree = "<group>"; };
		CA640C7F222739A2004905E0 /* Bryn_4x_attack.png */ = {isa = PBXFileReference; lastKnownFileType = image.png; path = Bryn_4x_attack.png; sourceTree = "<group>"; };
		CA640C8122273D0C004905E0 /* WoodElemental.swift */ = {isa = PBXFileReference; lastKnownFileType = sourcecode.swift; path = WoodElemental.swift; sourceTree = "<group>"; };
		CA640C8322273D37004905E0 /* wood_elemental_4x_game.png */ = {isa = PBXFileReference; lastKnownFileType = image.png; path = wood_elemental_4x_game.png; sourceTree = "<group>"; };
		CA640C8622274274004905E0 /* AbstractBattleEffect.swift */ = {isa = PBXFileReference; lastKnownFileType = sourcecode.swift; path = AbstractBattleEffect.swift; sourceTree = "<group>"; };
		CA640C882227429C004905E0 /* Damage.swift */ = {isa = PBXFileReference; lastKnownFileType = sourcecode.swift; path = Damage.swift; sourceTree = "<group>"; };
		CA640C8A22274F54004905E0 /* DrawingManager.swift */ = {isa = PBXFileReference; lastKnownFileType = sourcecode.swift; path = DrawingManager.swift; sourceTree = "<group>"; };
		CA640C8C22275F9E004905E0 /* RuneDrawing.sks */ = {isa = PBXFileReference; lastKnownFileType = file.sks; path = RuneDrawing.sks; sourceTree = "<group>"; };
		CA640C8E22285811004905E0 /* spark.png */ = {isa = PBXFileReference; lastKnownFileType = image.png; path = spark.png; sourceTree = "<group>"; };
		CA640C9022285986004905E0 /* AbstractBattleRune.swift */ = {isa = PBXFileReference; lastKnownFileType = sourcecode.swift; path = AbstractBattleRune.swift; sourceTree = "<group>"; };
		CA640C92222859CD004905E0 /* BattleIsa.swift */ = {isa = PBXFileReference; lastKnownFileType = sourcecode.swift; path = BattleIsa.swift; sourceTree = "<group>"; };
		CA640C9422285A81004905E0 /* runeIsa.png */ = {isa = PBXFileReference; lastKnownFileType = image.png; path = runeIsa.png; sourceTree = "<group>"; };
		CA640C962228690D004905E0 /* icecube.png */ = {isa = PBXFileReference; lastKnownFileType = image.png; path = icecube.png; sourceTree = "<group>"; };
		CA640C9822287298004905E0 /* Healing.swift */ = {isa = PBXFileReference; lastKnownFileType = sourcecode.swift; path = Healing.swift; sourceTree = "<group>"; };
		CA640C9A222872F8004905E0 /* HealingRain.sks */ = {isa = PBXFileReference; lastKnownFileType = file.sks; path = HealingRain.sks; sourceTree = "<group>"; };
		CA640C9B222872F8004905E0 /* Assets.xcassets */ = {isa = PBXFileReference; lastKnownFileType = folder.assetcatalog; path = Assets.xcassets; sourceTree = "<group>"; };
		CA640CA42228784C004905E0 /* cloud2.png */ = {isa = PBXFileReference; lastKnownFileType = image.png; name = cloud2.png; path = ../../../../../Downloads/cloud2.png; sourceTree = "<group>"; };
		CA640CAA2229E601004905E0 /* TutorialScene.swift */ = {isa = PBXFileReference; lastKnownFileType = sourcecode.swift; path = TutorialScene.swift; sourceTree = "<group>"; };
		CA640CAC2229E6EE004905E0 /* TutorialControls.swift */ = {isa = PBXFileReference; lastKnownFileType = sourcecode.swift; path = TutorialControls.swift; sourceTree = "<group>"; };
		CA640CAE2229E8D3004905E0 /* AbstractControls.swift */ = {isa = PBXFileReference; lastKnownFileType = sourcecode.swift; path = AbstractControls.swift; sourceTree = "<group>"; };
		CA75E203222DCF7300F2D5B8 /* BattleDialog.swift */ = {isa = PBXFileReference; lastKnownFileType = sourcecode.swift; path = BattleDialog.swift; sourceTree = "<group>"; };
		CA75E205222DEE5600F2D5B8 /* StatusBar.swift */ = {isa = PBXFileReference; lastKnownFileType = sourcecode.swift; path = StatusBar.swift; sourceTree = "<group>"; };
		CA75E208222F377B00F2D5B8 /* StatColumn.swift */ = {isa = PBXFileReference; lastKnownFileType = sourcecode.swift; path = StatColumn.swift; sourceTree = "<group>"; };
		CAB009B4223DA0DA00900F3E /* InventoryControls.swift */ = {isa = PBXFileReference; lastKnownFileType = sourcecode.swift; path = InventoryControls.swift; sourceTree = "<group>"; };
		CAB009B622458DCD00900F3E /* CharacterSelector.swift */ = {isa = PBXFileReference; lastKnownFileType = sourcecode.swift; path = CharacterSelector.swift; sourceTree = "<group>"; };
		CAB009B8224964B700900F3E /* CharacterSelected.swift */ = {isa = PBXFileReference; lastKnownFileType = sourcecode.swift; path = CharacterSelected.swift; sourceTree = "<group>"; };
		CAB009BA224964C500900F3E /* ExitButton.swift */ = {isa = PBXFileReference; lastKnownFileType = sourcecode.swift; path = ExitButton.swift; sourceTree = "<group>"; };
		CAB4EAD9221F693B0066EDC4 /* The Ballad of Lorbert.app */ = {isa = PBXFileReference; explicitFileType = wrapper.application; includeInIndex = 0; path = "The Ballad of Lorbert.app"; sourceTree = BUILT_PRODUCTS_DIR; };
		CAB4EADC221F693B0066EDC4 /* AppDelegate.swift */ = {isa = PBXFileReference; lastKnownFileType = sourcecode.swift; path = AppDelegate.swift; sourceTree = "<group>"; };
		CAB4EADE221F693B0066EDC4 /* GameScene.sks */ = {isa = PBXFileReference; lastKnownFileType = file.sks; path = GameScene.sks; sourceTree = "<group>"; };
		CAB4EAE0221F693B0066EDC4 /* Actions.sks */ = {isa = PBXFileReference; lastKnownFileType = file.sks; path = Actions.sks; sourceTree = "<group>"; };
		CAB4EAE2221F693B0066EDC4 /* GameScene.swift */ = {isa = PBXFileReference; lastKnownFileType = sourcecode.swift; path = GameScene.swift; sourceTree = "<group>"; };
		CAB4EAE4221F693B0066EDC4 /* GameViewController.swift */ = {isa = PBXFileReference; lastKnownFileType = sourcecode.swift; path = GameViewController.swift; sourceTree = "<group>"; };
		CAB4EAE7221F693B0066EDC4 /* Base */ = {isa = PBXFileReference; lastKnownFileType = file.storyboard; name = Base; path = Base.lproj/Main.storyboard; sourceTree = "<group>"; };
		CAB4EAE9221F693D0066EDC4 /* Assets.xcassets */ = {isa = PBXFileReference; lastKnownFileType = folder.assetcatalog; path = Assets.xcassets; sourceTree = "<group>"; };
		CAB4EAEC221F693D0066EDC4 /* Base */ = {isa = PBXFileReference; lastKnownFileType = file.storyboard; name = Base; path = Base.lproj/LaunchScreen.storyboard; sourceTree = "<group>"; };
		CAB4EAEE221F693D0066EDC4 /* Info.plist */ = {isa = PBXFileReference; lastKnownFileType = text.plist.xml; path = Info.plist; sourceTree = "<group>"; };
		CAB4EAF3221F693D0066EDC4 /* The Ballad of SigurdTests.xctest */ = {isa = PBXFileReference; explicitFileType = wrapper.cfbundle; includeInIndex = 0; path = "The Ballad of SigurdTests.xctest"; sourceTree = BUILT_PRODUCTS_DIR; };
		CAB4EAF7221F693D0066EDC4 /* The_Ballad_of_SigurdTests.swift */ = {isa = PBXFileReference; lastKnownFileType = sourcecode.swift; path = The_Ballad_of_SigurdTests.swift; sourceTree = "<group>"; };
		CAB4EAF9221F693D0066EDC4 /* Info.plist */ = {isa = PBXFileReference; lastKnownFileType = text.plist.xml; path = Info.plist; sourceTree = "<group>"; };
		CAB4EAFE221F693D0066EDC4 /* The Ballad of SigurdUITests.xctest */ = {isa = PBXFileReference; explicitFileType = wrapper.cfbundle; includeInIndex = 0; path = "The Ballad of SigurdUITests.xctest"; sourceTree = BUILT_PRODUCTS_DIR; };
		CAB4EB02221F693D0066EDC4 /* The_Ballad_of_SigurdUITests.swift */ = {isa = PBXFileReference; lastKnownFileType = sourcecode.swift; path = The_Ballad_of_SigurdUITests.swift; sourceTree = "<group>"; };
		CAB4EB04221F693D0066EDC4 /* Info.plist */ = {isa = PBXFileReference; lastKnownFileType = text.plist.xml; path = Info.plist; sourceTree = "<group>"; };
		CAB4EB10221F696F0066EDC4 /* libz.dylib */ = {isa = PBXFileReference; lastKnownFileType = "compiled.mach-o.dylib"; name = libz.dylib; path = usr/lib/libz.dylib; sourceTree = SDKROOT; };
		CAB4EC17221F6A550066EDC4 /* The Ballad of Sigurd-Bridging-Header.h */ = {isa = PBXFileReference; lastKnownFileType = sourcecode.c.h; path = "The Ballad of Sigurd-Bridging-Header.h"; sourceTree = "<group>"; };
		CAB4EC18221F6A560066EDC4 /* JSTileMap.h */ = {isa = PBXFileReference; fileEncoding = 4; lastKnownFileType = sourcecode.c.h; path = JSTileMap.h; sourceTree = "<group>"; };
		CAB4EC19221F6A560066EDC4 /* LFCGzipUtility.h */ = {isa = PBXFileReference; fileEncoding = 4; lastKnownFileType = sourcecode.c.h; path = LFCGzipUtility.h; sourceTree = "<group>"; };
		CAB4EC1A221F6A560066EDC4 /* LFCGzipUtility.m */ = {isa = PBXFileReference; fileEncoding = 4; lastKnownFileType = sourcecode.c.objc; path = LFCGzipUtility.m; sourceTree = "<group>"; };
		CAB4EC1B221F6A560066EDC4 /* The Ballad of Sigurd-Bridging-Header.h */ = {isa = PBXFileReference; fileEncoding = 4; lastKnownFileType = sourcecode.c.h; name = "The Ballad of Sigurd-Bridging-Header.h"; path = "../../../../Projects/theballadofsigurd/The Ballad of Sigurd-Bridging-Header.h"; sourceTree = "<group>"; };
		CAB4EC1C221F6A570066EDC4 /* JSTileMap.m */ = {isa = PBXFileReference; fileEncoding = 4; lastKnownFileType = sourcecode.c.objc; path = JSTileMap.m; sourceTree = "<group>"; };
		CAB4EC20221F6A660066EDC4 /* The Ballad of Sigurd-Bridging-Header.h */ = {isa = PBXFileReference; lastKnownFileType = sourcecode.c.h; path = "The Ballad of Sigurd-Bridging-Header.h"; sourceTree = "<group>"; };
		CAB4EC22221F6AB90066EDC4 /* AbstractScene.swift */ = {isa = PBXFileReference; lastKnownFileType = sourcecode.swift; path = AbstractScene.swift; sourceTree = "<group>"; };
		CAC2C6DD2257D26000C5A78D /* Alien2_Fight@3x.png */ = {isa = PBXFileReference; lastKnownFileType = image.png; path = "Alien2_Fight@3x.png"; sourceTree = "<group>"; };
		CAC2C6DF2257D28100C5A78D /* Alien1_Fight@3x.png */ = {isa = PBXFileReference; lastKnownFileType = image.png; path = "Alien1_Fight@3x.png"; sourceTree = "<group>"; };
		CAC2C6E1225800FD00C5A78D /* AlienBoss_Weapon@3x.png */ = {isa = PBXFileReference; lastKnownFileType = image.png; path = "AlienBoss_Weapon@3x.png"; sourceTree = "<group>"; };
		CAC2C6E2225800FE00C5A78D /* AlienBoss_Fight@3x.png */ = {isa = PBXFileReference; lastKnownFileType = image.png; path = "AlienBoss_Fight@3x.png"; sourceTree = "<group>"; };
		CAC2C6E3225800FE00C5A78D /* Lorbert_Small@3x.png */ = {isa = PBXFileReference; lastKnownFileType = image.png; path = "Lorbert_Small@3x.png"; sourceTree = "<group>"; };
		CAC2C6E4225800FE00C5A78D /* IO_Large@3x.png */ = {isa = PBXFileReference; lastKnownFileType = image.png; path = "IO_Large@3x.png"; sourceTree = "<group>"; };
		CAC2C6E5225800FE00C5A78D /* AlienBoss_Rest@3x.png */ = {isa = PBXFileReference; lastKnownFileType = image.png; path = "AlienBoss_Rest@3x.png"; sourceTree = "<group>"; };
		CAC2C6E6225800FE00C5A78D /* IO_Small@3x.png */ = {isa = PBXFileReference; lastKnownFileType = image.png; path = "IO_Small@3x.png"; sourceTree = "<group>"; };
		CAC2C6E7225800FE00C5A78D /* Artro_Large@3x.png */ = {isa = PBXFileReference; lastKnownFileType = image.png; path = "Artro_Large@3x.png"; sourceTree = "<group>"; };
		CAC2C6E8225800FE00C5A78D /* Lorbert_Large@3x.png */ = {isa = PBXFileReference; lastKnownFileType = image.png; path = "Lorbert_Large@3x.png"; sourceTree = "<group>"; };
		CAC2C6E9225800FE00C5A78D /* Artro_Small@3x.png */ = {isa = PBXFileReference; lastKnownFileType = image.png; path = "Artro_Small@3x.png"; sourceTree = "<group>"; };
		CAC2C6F3225805FB00C5A78D /* BossAttack.swift */ = {isa = PBXFileReference; lastKnownFileType = sourcecode.swift; path = BossAttack.swift; sourceTree = "<group>"; };
		E5E2CD9154DEFA4645E0B7B4 /* Pods-The Ballad of Sigurd.debug.xcconfig */ = {isa = PBXFileReference; includeInIndex = 1; lastKnownFileType = text.xcconfig; name = "Pods-The Ballad of Sigurd.debug.xcconfig"; path = "Target Support Files/Pods-The Ballad of Sigurd/Pods-The Ballad of Sigurd.debug.xcconfig"; sourceTree = "<group>"; };
		EF9FC4E34C3984F6686151D6 /* Pods-The Ballad of SigurdTests.debug.xcconfig */ = {isa = PBXFileReference; includeInIndex = 1; lastKnownFileType = text.xcconfig; name = "Pods-The Ballad of SigurdTests.debug.xcconfig"; path = "Target Support Files/Pods-The Ballad of SigurdTests/Pods-The Ballad of SigurdTests.debug.xcconfig"; sourceTree = "<group>"; };
		F0C9CAB01E76AF73A73A2C90 /* Pods-The Ballad of Lorbert.debug.xcconfig */ = {isa = PBXFileReference; includeInIndex = 1; lastKnownFileType = text.xcconfig; name = "Pods-The Ballad of Lorbert.debug.xcconfig"; path = "Target Support Files/Pods-The Ballad of Lorbert/Pods-The Ballad of Lorbert.debug.xcconfig"; sourceTree = "<group>"; };
/* End PBXFileReference section */

/* Begin PBXFrameworksBuildPhase section */
		CAB4EAD6221F693B0066EDC4 /* Frameworks */ = {
			isa = PBXFrameworksBuildPhase;
			buildActionMask = 2147483647;
			files = (
				9C5C4FC038452A3C713A2843 /* Pods_The_Ballad_of_Lorbert.framework in Frameworks */,
			);
			runOnlyForDeploymentPostprocessing = 0;
		};
		CAB4EAF0221F693D0066EDC4 /* Frameworks */ = {
			isa = PBXFrameworksBuildPhase;
			buildActionMask = 2147483647;
			files = (
				9D4A62EC3D3C4C740C7C1FCF /* Pods_The_Ballad_of_SigurdTests.framework in Frameworks */,
			);
			runOnlyForDeploymentPostprocessing = 0;
		};
		CAB4EAFB221F693D0066EDC4 /* Frameworks */ = {
			isa = PBXFrameworksBuildPhase;
			buildActionMask = 2147483647;
			files = (
				60707F5A1FBBF586D51E8776 /* Pods_The_Ballad_of_SigurdUITests.framework in Frameworks */,
			);
			runOnlyForDeploymentPostprocessing = 0;
		};
/* End PBXFrameworksBuildPhase section */

/* Begin PBXGroup section */
		70A596667E77F1B82D98B252 /* Pods */ = {
			isa = PBXGroup;
			children = (
				E5E2CD9154DEFA4645E0B7B4 /* Pods-The Ballad of Sigurd.debug.xcconfig */,
				A0E70B37BE82543C425A1373 /* Pods-The Ballad of Sigurd.release.xcconfig */,
				EF9FC4E34C3984F6686151D6 /* Pods-The Ballad of SigurdTests.debug.xcconfig */,
				510F921F2FBEA32777BD9CB4 /* Pods-The Ballad of SigurdTests.release.xcconfig */,
				AE82BB8F9771EABDB5D8FCF8 /* Pods-The Ballad of SigurdUITests.debug.xcconfig */,
				4B6C69EF00AF47D5B0D6E6E2 /* Pods-The Ballad of SigurdUITests.release.xcconfig */,
				F0C9CAB01E76AF73A73A2C90 /* Pods-The Ballad of Lorbert.debug.xcconfig */,
				24D633CB94050B79DD329C7B /* Pods-The Ballad of Lorbert.release.xcconfig */,
			);
			path = Pods;
			sourceTree = "<group>";
		};
		901D37DD23C5CCE2A15D95C4 /* Frameworks */ = {
			isa = PBXGroup;
			children = (
				6059DB171FC9D443A925B423 /* Pods_The_Ballad_of_Sigurd.framework */,
				53F3519C373C20127125D289 /* Pods_The_Ballad_of_SigurdTests.framework */,
				9D7D236FADCA30916E631D8C /* Pods_The_Ballad_of_SigurdUITests.framework */,
				43E7256FB185FE04CC54A25C /* Pods_The_Ballad_of_Lorbert.framework */,
			);
			name = Frameworks;
			sourceTree = "<group>";
		};
		CA1E76C6223C54E000EA0FAF /* Nineum Images */ = {
			isa = PBXGroup;
			children = (
				CA1E76D0223C55CC00EA0FAF /* Nineum1_Small.png */,
				CA1E76D5223C55CC00EA0FAF /* Nineum1_Small@2x.png */,
				CA1E76CC223C55CC00EA0FAF /* Nineum1_Small@3x.png */,
				CA1E76D3223C55CC00EA0FAF /* Nineum2_Small.png */,
				CA1E76D1223C55CC00EA0FAF /* Nineum2_Small@2x.png */,
				CA1E76D9223C55CD00EA0FAF /* Nineum2_Small@3x.png */,
				CA1E76D6223C55CD00EA0FAF /* Nineum3_Small.png */,
				CA1E76D7223C55CD00EA0FAF /* Nineum3_Small@2x.png */,
				CA1E76DB223C55CD00EA0FAF /* Nineum3_Small@3x.png */,
				CA1E76DA223C55CD00EA0FAF /* Nineum4_Small.png */,
				CA1E76DD223C55CD00EA0FAF /* Nineum4_Small@2x.png */,
				CA1E76CB223C55CC00EA0FAF /* Nineum4_Small@3x.png */,
				CA1E76D8223C55CD00EA0FAF /* Nineum5_Small.png */,
				CA1E76D2223C55CC00EA0FAF /* Nineum5_Small@2x.png */,
				CA1E76C9223C55CC00EA0FAF /* Nineum5_Small@3x.png */,
				CA1E76D4223C55CC00EA0FAF /* Nineum6_Small.png */,
				CA1E76DC223C55CD00EA0FAF /* Nineum6_Small@2x.png */,
				CA1E76CA223C55CC00EA0FAF /* Nineum6_Small@3x.png */,
				CA1E76CF223C55CC00EA0FAF /* Nineum7_Small.png */,
				CA1E76CD223C55CC00EA0FAF /* Nineum7_Small@2x.png */,
				CA1E76CE223C55CC00EA0FAF /* Nineum7_Small@3x.png */,
			);
			path = "Nineum Images";
			sourceTree = "<group>";
		};
		CA46E3B0225296AB002E891C /* Updated Images */ = {
			isa = PBXGroup;
			children = (
				CA46E3B1225296C5002E891C /* Alien2_Rest@3x.png */,
				CAC2C6DD2257D26000C5A78D /* Alien2_Fight@3x.png */,
				CA46E3B7225296C6002E891C /* Alien2_Weapon@3x.png */,
				CA46E3B5225296C6002E891C /* Alien3_Fight@3x.png */,
				CA46E3B3225296C6002E891C /* Alien3_Rest@3x.png */,
				CA46E3BB225296C6002E891C /* Alien3_Weapon@3x.png */,
				CAC2C6DF2257D28100C5A78D /* Alien1_Fight@3x.png */,
				CA46E3B8225296C6002E891C /* Alien1_Rest@3x.png */,
				CA46E3B6225296C6002E891C /* Alien1_Weapon@3x.png */,
				CAC2C6E2225800FE00C5A78D /* AlienBoss_Fight@3x.png */,
				CAC2C6E5225800FE00C5A78D /* AlienBoss_Rest@3x.png */,
				CAC2C6E1225800FD00C5A78D /* AlienBoss_Weapon@3x.png */,
				CAC2C6E7225800FE00C5A78D /* Artro_Large@3x.png */,
				CAC2C6E9225800FE00C5A78D /* Artro_Small@3x.png */,
				CAC2C6E4225800FE00C5A78D /* IO_Large@3x.png */,
				CAC2C6E6225800FE00C5A78D /* IO_Small@3x.png */,
				CAC2C6E8225800FE00C5A78D /* Lorbert_Large@3x.png */,
				CAC2C6E3225800FE00C5A78D /* Lorbert_Small@3x.png */,
				CA46E3BA225296C6002E891C /* Background@3x.png */,
			);
			path = "Updated Images";
			sourceTree = "<group>";
		};
		CA640C1622208C78004905E0 /* Controls */ = {
			isa = PBXGroup;
			children = (
				CA640CAE2229E8D3004905E0 /* AbstractControls.swift */,
				CA640C1D22208CE1004905E0 /* Overworld Controls */,
				CA640C1C22208CD0004905E0 /* Menu Controls */,
				CA640C1722208C89004905E0 /* Battle Controls */,
			);
			path = Controls;
			sourceTree = "<group>";
		};
		CA640C1722208C89004905E0 /* Battle Controls */ = {
			isa = PBXGroup;
			children = (
				CA640C7B22260EFC004905E0 /* BattleControls.swift */,
				CA640C8A22274F54004905E0 /* DrawingManager.swift */,
				CA640CAC2229E6EE004905E0 /* TutorialControls.swift */,
			);
			path = "Battle Controls";
			sourceTree = "<group>";
		};
		CA640C1C22208CD0004905E0 /* Menu Controls */ = {
			isa = PBXGroup;
			children = (
				CAB009B4223DA0DA00900F3E /* InventoryControls.swift */,
			);
			path = "Menu Controls";
			sourceTree = "<group>";
		};
		CA640C1D22208CE1004905E0 /* Overworld Controls */ = {
			isa = PBXGroup;
			children = (
			);
			path = "Overworld Controls";
			sourceTree = "<group>";
		};
		CA640C1E22208D34004905E0 /* Entities */ = {
			isa = PBXGroup;
			children = (
				CA75E207222F373600F2D5B8 /* Menu */,
				CA640C2522208D92004905E0 /* Overworld */,
				CA640C2022208D48004905E0 /* Battle */,
				CA640C1F22208D3D004905E0 /* Player Characters */,
			);
			path = Entities;
			sourceTree = "<group>";
		};
		CA640C1F22208D3D004905E0 /* Player Characters */ = {
			isa = PBXGroup;
			children = (
				CA640C2622209682004905E0 /* AbstractPlayerCharacter.swift */,
			);
			path = "Player Characters";
			sourceTree = "<group>";
		};
		CA640C2022208D48004905E0 /* Battle */ = {
			isa = PBXGroup;
			children = (
				CA640C852227425D004905E0 /* Battle Effects */,
				CA640C2422208D7C004905E0 /* Battle Runes */,
				CA640C2222208D62004905E0 /* Battle Enemies */,
				CA640C2122208D53004905E0 /* Battle Characters */,
			);
			path = Battle;
			sourceTree = "<group>";
		};
		CA640C2122208D53004905E0 /* Battle Characters */ = {
			isa = PBXGroup;
			children = (
				CA640C712226053A004905E0 /* AbstractBattleCharacter.swift */,
				CA640C772226077B004905E0 /* BattleBryn.swift */,
				CA46E3CD2252B4A8002E891C /* BattleAnders.swift */,
				CA640C6F22260492004905E0 /* BattleSigurd.swift */,
			);
			path = "Battle Characters";
			sourceTree = "<group>";
		};
		CA640C2222208D62004905E0 /* Battle Enemies */ = {
			isa = PBXGroup;
			children = (
				CA640C5E222491E3004905E0 /* AbstractBattleEnemy.swift */,
				CA640C8122273D0C004905E0 /* WoodElemental.swift */,
			);
			path = "Battle Enemies";
			sourceTree = "<group>";
		};
		CA640C2422208D7C004905E0 /* Battle Runes */ = {
			isa = PBXGroup;
			children = (
				CA640C9022285986004905E0 /* AbstractBattleRune.swift */,
				CA640C92222859CD004905E0 /* BattleIsa.swift */,
			);
			path = "Battle Runes";
			sourceTree = "<group>";
		};
		CA640C2522208D92004905E0 /* Overworld */ = {
			isa = PBXGroup;
			children = (
			);
			path = Overworld;
			sourceTree = "<group>";
		};
		CA640C282220985A004905E0 /* Inventory */ = {
			isa = PBXGroup;
			children = (
				CA640C2A2220987D004905E0 /* Rune.swift */,
				CA640C2C2220988F004905E0 /* Weapon.swift */,
				CA640C2E222098AF004905E0 /* Helm.swift */,
				CA640C30222098BD004905E0 /* BodyArmor.swift */,
				CA640C32222098CE004905E0 /* Bracers.swift */,
				CA640C34222098E4004905E0 /* Shield.swift */,
				CA640C36222098FA004905E0 /* Necklace.swift */,
				CA640C382220990B004905E0 /* Boots.swift */,
				CA640C3A22209925004905E0 /* Gloves.swift */,
				CA640C3C22209A40004905E0 /* InventoryManager.swift */,
				CA640C3E22209AD1004905E0 /* InventoryItem.swift */,
			);
			path = Inventory;
			sourceTree = "<group>";
		};
		CA640C4022209BAF004905E0 /* Enums and Structs and Utils */ = {
			isa = PBXGroup;
			children = (
				CA640C6122249AE9004905E0 /* crypto.js */,
				CA640C6022249AE9004905E0 /* Crypto.swift */,
				CA640C4122209BBC004905E0 /* Enums.swift */,
				CA640C5C22248A8B004905E0 /* Utils.swift */,
				CA640C6422249E65004905E0 /* UserModel.swift */,
				CA640C7922260A3F004905E0 /* Structs.swift */,
			);
			path = "Enums and Structs and Utils";
			sourceTree = "<group>";
		};
		CA640C432220AFE0004905E0 /* Fonts */ = {
			isa = PBXGroup;
			children = (
				CA640C582220B46F004905E0 /* Orbitron-Bold.ttf */,
				CA640C592220B46F004905E0 /* Ubuntu-Medium.ttf */,
			);
			path = Fonts;
			sourceTree = "<group>";
		};
		CA640C6A22260296004905E0 /* Images */ = {
			isa = PBXGroup;
			children = (
				CA46E3B0225296AB002E891C /* Updated Images */,
				CA1E76C6223C54E000EA0FAF /* Nineum Images */,
				CA640C6D22260378004905E0 /* grassy_lake.png */,
				CA640C732226071C004905E0 /* Baal_ready_pose_4x.png */,
				CA640C7522260746004905E0 /* Bryn_4x_ready.png */,
				CA640C7F222739A2004905E0 /* Bryn_4x_attack.png */,
				CA640C7D2227399A004905E0 /* Baal_action_pose_10x.png */,
				CA640C8322273D37004905E0 /* wood_elemental_4x_game.png */,
				CA640C8E22285811004905E0 /* spark.png */,
				CA640C9422285A81004905E0 /* runeIsa.png */,
				CA640C962228690D004905E0 /* icecube.png */,
				CA640CA42228784C004905E0 /* cloud2.png */,
			);
			path = Images;
			sourceTree = "<group>";
		};
		CA640C852227425D004905E0 /* Battle Effects */ = {
			isa = PBXGroup;
			children = (
				CA640C8622274274004905E0 /* AbstractBattleEffect.swift */,
				CA75E205222DEE5600F2D5B8 /* StatusBar.swift */,
				CA640C882227429C004905E0 /* Damage.swift */,
				CA640C9822287298004905E0 /* Healing.swift */,
				CA640C8C22275F9E004905E0 /* RuneDrawing.sks */,
				CA640C9A222872F8004905E0 /* HealingRain.sks */,
				CA640C9B222872F8004905E0 /* Assets.xcassets */,
				CA75E203222DCF7300F2D5B8 /* BattleDialog.swift */,
				CA46E3C92252ACD3002E891C /* BrynAttack.swift */,
				CA46E3CB2252B234002E891C /* SigurdAttack.swift */,
				CA46E3CF2252B72C002E891C /* AndersAttack.swift */,
				CA46E3D32253E279002E891C /* SpecialPowerButton.swift */,
				CA46E3D52253EC91002E891C /* InventoryButton.swift */,
				CAC2C6F3225805FB00C5A78D /* BossAttack.swift */,
			);
			path = "Battle Effects";
			sourceTree = "<group>";
		};
		CA75E207222F373600F2D5B8 /* Menu */ = {
			isa = PBXGroup;
			children = (
				CA75E208222F377B00F2D5B8 /* StatColumn.swift */,
				CA1E76C2223C28A200EA0FAF /* EquipmentConsole.swift */,
				CA1E76C4223C3BE500EA0FAF /* InventorySelector.swift */,
				CAB009B622458DCD00900F3E /* CharacterSelector.swift */,
				CA1E76C7223C54FA00EA0FAF /* InventorySelectorTableViewCell.swift */,
				CAB009B8224964B700900F3E /* CharacterSelected.swift */,
				CAB009BA224964C500900F3E /* ExitButton.swift */,
			);
			path = Menu;
			sourceTree = "<group>";
		};
		CAB4EAD0221F693B0066EDC4 = {
			isa = PBXGroup;
			children = (
				CAB4EB10221F696F0066EDC4 /* libz.dylib */,
				CAB4EC1F221F6A5E0066EDC4 /* External */,
				CAB4EADB221F693B0066EDC4 /* The Ballad of Sigurd */,
				CAB4EAF6221F693D0066EDC4 /* The Ballad of SigurdTests */,
				CAB4EB01221F693D0066EDC4 /* The Ballad of SigurdUITests */,
				CAB4EADA221F693B0066EDC4 /* Products */,
				70A596667E77F1B82D98B252 /* Pods */,
				901D37DD23C5CCE2A15D95C4 /* Frameworks */,
			);
			sourceTree = "<group>";
		};
		CAB4EADA221F693B0066EDC4 /* Products */ = {
			isa = PBXGroup;
			children = (
				CAB4EAD9221F693B0066EDC4 /* The Ballad of Lorbert.app */,
				CAB4EAF3221F693D0066EDC4 /* The Ballad of SigurdTests.xctest */,
				CAB4EAFE221F693D0066EDC4 /* The Ballad of SigurdUITests.xctest */,
			);
			name = Products;
			sourceTree = "<group>";
		};
		CAB4EADB221F693B0066EDC4 /* The Ballad of Sigurd */ = {
			isa = PBXGroup;
			children = (
				CA640C6A22260296004905E0 /* Images */,
				CA640C432220AFE0004905E0 /* Fonts */,
				CA640C4022209BAF004905E0 /* Enums and Structs and Utils */,
				CA640C282220985A004905E0 /* Inventory */,
				CA640C1E22208D34004905E0 /* Entities */,
				CA640C1622208C78004905E0 /* Controls */,
				CAB4EC21221F6AA70066EDC4 /* Scenes */,
				CAB4EC1B221F6A560066EDC4 /* The Ballad of Sigurd-Bridging-Header.h */,
				CAB4EADC221F693B0066EDC4 /* AppDelegate.swift */,
				CAB4EADE221F693B0066EDC4 /* GameScene.sks */,
				CAB4EAE0221F693B0066EDC4 /* Actions.sks */,
				CAB4EAE2221F693B0066EDC4 /* GameScene.swift */,
				CAB4EAE4221F693B0066EDC4 /* GameViewController.swift */,
				CAB4EAE6221F693B0066EDC4 /* Main.storyboard */,
				CAB4EAE9221F693D0066EDC4 /* Assets.xcassets */,
				CAB4EAEB221F693D0066EDC4 /* LaunchScreen.storyboard */,
				CAB4EAEE221F693D0066EDC4 /* Info.plist */,
				CAB4EC17221F6A550066EDC4 /* The Ballad of Sigurd-Bridging-Header.h */,
			);
			path = "The Ballad of Sigurd";
			sourceTree = "<group>";
		};
		CAB4EAF6221F693D0066EDC4 /* The Ballad of SigurdTests */ = {
			isa = PBXGroup;
			children = (
				CAB4EAF7221F693D0066EDC4 /* The_Ballad_of_SigurdTests.swift */,
				CAB4EAF9221F693D0066EDC4 /* Info.plist */,
			);
			path = "The Ballad of SigurdTests";
			sourceTree = "<group>";
		};
		CAB4EB01221F693D0066EDC4 /* The Ballad of SigurdUITests */ = {
			isa = PBXGroup;
			children = (
				CAB4EB02221F693D0066EDC4 /* The_Ballad_of_SigurdUITests.swift */,
				CAB4EB04221F693D0066EDC4 /* Info.plist */,
			);
			path = "The Ballad of SigurdUITests";
			sourceTree = "<group>";
		};
		CAB4EC1F221F6A5E0066EDC4 /* External */ = {
			isa = PBXGroup;
			children = (
				CAB4EC18221F6A560066EDC4 /* JSTileMap.h */,
				CAB4EC1C221F6A570066EDC4 /* JSTileMap.m */,
				CAB4EC19221F6A560066EDC4 /* LFCGzipUtility.h */,
				CAB4EC20221F6A660066EDC4 /* The Ballad of Sigurd-Bridging-Header.h */,
				CAB4EC1A221F6A560066EDC4 /* LFCGzipUtility.m */,
			);
			path = External;
			sourceTree = "<group>";
		};
		CAB4EC21221F6AA70066EDC4 /* Scenes */ = {
			isa = PBXGroup;
			children = (
				CAB4EC22221F6AB90066EDC4 /* AbstractScene.swift */,
				CA640C662225F1CC004905E0 /* InventoryScene.swift */,
				CA640C682225F80A004905E0 /* BattleScene.swift */,
				CA640CAA2229E601004905E0 /* TutorialScene.swift */,
			);
			path = Scenes;
			sourceTree = "<group>";
		};
/* End PBXGroup section */

/* Begin PBXNativeTarget section */
		CAB4EAD8221F693B0066EDC4 /* The Ballad of Lorbert */ = {
			isa = PBXNativeTarget;
			buildConfigurationList = CAB4EB07221F693D0066EDC4 /* Build configuration list for PBXNativeTarget "The Ballad of Lorbert" */;
			buildPhases = (
				1B301303F2017219A4EBDD78 /* [CP] Check Pods Manifest.lock */,
				CAB4EAD5221F693B0066EDC4 /* Sources */,
				CAB4EAD6221F693B0066EDC4 /* Frameworks */,
				CAB4EAD7221F693B0066EDC4 /* Resources */,
				67233363110ACC25A240FF08 /* [CP] Embed Pods Frameworks */,
			);
			buildRules = (
			);
			dependencies = (
			);
			name = "The Ballad of Lorbert";
			productName = "The Ballad of Sigurd";
			productReference = CAB4EAD9221F693B0066EDC4 /* The Ballad of Lorbert.app */;
			productType = "com.apple.product-type.application";
		};
		CAB4EAF2221F693D0066EDC4 /* The Ballad of SigurdTests */ = {
			isa = PBXNativeTarget;
			buildConfigurationList = CAB4EB0A221F693D0066EDC4 /* Build configuration list for PBXNativeTarget "The Ballad of SigurdTests" */;
			buildPhases = (
				95F83BD59EBBF01D42FE803D /* [CP] Check Pods Manifest.lock */,
				CAB4EAEF221F693D0066EDC4 /* Sources */,
				CAB4EAF0221F693D0066EDC4 /* Frameworks */,
				CAB4EAF1221F693D0066EDC4 /* Resources */,
			);
			buildRules = (
			);
			dependencies = (
				CAB4EAF5221F693D0066EDC4 /* PBXTargetDependency */,
			);
			name = "The Ballad of SigurdTests";
			productName = "The Ballad of SigurdTests";
			productReference = CAB4EAF3221F693D0066EDC4 /* The Ballad of SigurdTests.xctest */;
			productType = "com.apple.product-type.bundle.unit-test";
		};
		CAB4EAFD221F693D0066EDC4 /* The Ballad of SigurdUITests */ = {
			isa = PBXNativeTarget;
			buildConfigurationList = CAB4EB0D221F693D0066EDC4 /* Build configuration list for PBXNativeTarget "The Ballad of SigurdUITests" */;
			buildPhases = (
				3BD0CE89A0BC2919F74BA553 /* [CP] Check Pods Manifest.lock */,
				CAB4EAFA221F693D0066EDC4 /* Sources */,
				CAB4EAFB221F693D0066EDC4 /* Frameworks */,
				CAB4EAFC221F693D0066EDC4 /* Resources */,
			);
			buildRules = (
			);
			dependencies = (
				CAB4EB00221F693D0066EDC4 /* PBXTargetDependency */,
			);
			name = "The Ballad of SigurdUITests";
			productName = "The Ballad of SigurdUITests";
			productReference = CAB4EAFE221F693D0066EDC4 /* The Ballad of SigurdUITests.xctest */;
			productType = "com.apple.product-type.bundle.ui-testing";
		};
/* End PBXNativeTarget section */

/* Begin PBXProject section */
		CAB4EAD1221F693B0066EDC4 /* Project object */ = {
			isa = PBXProject;
			attributes = {
				LastSwiftUpdateCheck = 1010;
				LastUpgradeCheck = 1010;
				ORGANIZATIONNAME = "Planet Nine";
				TargetAttributes = {
					CAB4EAD8221F693B0066EDC4 = {
						CreatedOnToolsVersion = 10.1;
						LastSwiftMigration = 1010;
					};
					CAB4EAF2221F693D0066EDC4 = {
						CreatedOnToolsVersion = 10.1;
						TestTargetID = CAB4EAD8221F693B0066EDC4;
					};
					CAB4EAFD221F693D0066EDC4 = {
						CreatedOnToolsVersion = 10.1;
						TestTargetID = CAB4EAD8221F693B0066EDC4;
					};
				};
			};
			buildConfigurationList = CAB4EAD4221F693B0066EDC4 /* Build configuration list for PBXProject "The Ballad of Sigurd" */;
			compatibilityVersion = "Xcode 9.3";
			developmentRegion = en;
			hasScannedForEncodings = 0;
			knownRegions = (
				en,
				Base,
			);
			mainGroup = CAB4EAD0221F693B0066EDC4;
			productRefGroup = CAB4EADA221F693B0066EDC4 /* Products */;
			projectDirPath = "";
			projectRoot = "";
			targets = (
				CAB4EAD8221F693B0066EDC4 /* The Ballad of Lorbert */,
				CAB4EAF2221F693D0066EDC4 /* The Ballad of SigurdTests */,
				CAB4EAFD221F693D0066EDC4 /* The Ballad of SigurdUITests */,
			);
		};
/* End PBXProject section */

/* Begin PBXResourcesBuildPhase section */
		CAB4EAD7221F693B0066EDC4 /* Resources */ = {
			isa = PBXResourcesBuildPhase;
			buildActionMask = 2147483647;
			files = (
				CA1E76EC223C55CD00EA0FAF /* Nineum3_Small@2x.png in Resources */,
				CA1E76F2223C55CD00EA0FAF /* Nineum4_Small@2x.png in Resources */,
				CA1E76E9223C55CD00EA0FAF /* Nineum6_Small.png in Resources */,
				CAB4EAE8221F693B0066EDC4 /* Main.storyboard in Resources */,
				CAB4EADF221F693B0066EDC4 /* GameScene.sks in Resources */,
				CA1E76E3223C55CD00EA0FAF /* Nineum7_Small@3x.png in Resources */,
				CA46E3BF225296C6002E891C /* Alien3_Rest@3x.png in Resources */,
				CA640C742226071D004905E0 /* Baal_ready_pose_4x.png in Resources */,
				CA1E76F1223C55CD00EA0FAF /* Nineum6_Small@2x.png in Resources */,
				CA640C5B2220B46F004905E0 /* Ubuntu-Medium.ttf in Resources */,
				CA640C80222739A2004905E0 /* Bryn_4x_attack.png in Resources */,
				CA640C5A2220B46F004905E0 /* Orbitron-Bold.ttf in Resources */,
				CAB4EAEA221F693D0066EDC4 /* Assets.xcassets in Resources */,
				CAC2C6EB225800FE00C5A78D /* AlienBoss_Fight@3x.png in Resources */,
				CA1E76DF223C55CD00EA0FAF /* Nineum6_Small@3x.png in Resources */,
				CA1E76E1223C55CD00EA0FAF /* Nineum1_Small@3x.png in Resources */,
				CA640C7E2227399A004905E0 /* Baal_action_pose_10x.png in Resources */,
				CA1E76EA223C55CD00EA0FAF /* Nineum1_Small@2x.png in Resources */,
				CA1E76E6223C55CD00EA0FAF /* Nineum2_Small@2x.png in Resources */,
				CA640C8422273D37004905E0 /* wood_elemental_4x_game.png in Resources */,
				CA46E3C7225296C6002E891C /* Alien3_Weapon@3x.png in Resources */,
				CA1E76E0223C55CD00EA0FAF /* Nineum4_Small@3x.png in Resources */,
				CA1E76DE223C55CD00EA0FAF /* Nineum5_Small@3x.png in Resources */,
				CAC2C6ED225800FE00C5A78D /* IO_Large@3x.png in Resources */,
				CA46E3C2225296C6002E891C /* Alien1_Weapon@3x.png in Resources */,
				CAC2C6EC225800FE00C5A78D /* Lorbert_Small@3x.png in Resources */,
				CA640C9C222872F8004905E0 /* HealingRain.sks in Resources */,
				CAC2C6E02257D28100C5A78D /* Alien1_Fight@3x.png in Resources */,
				CA46E3BD225296C6002E891C /* Alien2_Rest@3x.png in Resources */,
				CA640C7622260746004905E0 /* Bryn_4x_ready.png in Resources */,
				CAC2C6F1225800FE00C5A78D /* Lorbert_Large@3x.png in Resources */,
				CA640C972228690E004905E0 /* icecube.png in Resources */,
				CAC2C6EA225800FE00C5A78D /* AlienBoss_Weapon@3x.png in Resources */,
				CA46E3C1225296C6002E891C /* Alien3_Fight@3x.png in Resources */,
				CA1E76E7223C55CD00EA0FAF /* Nineum5_Small@2x.png in Resources */,
				CA1E76EB223C55CD00EA0FAF /* Nineum3_Small.png in Resources */,
				CA1E76E5223C55CD00EA0FAF /* Nineum1_Small.png in Resources */,
				CA640C6322249AE9004905E0 /* crypto.js in Resources */,
				CA640C8D22275F9E004905E0 /* RuneDrawing.sks in Resources */,
				CA46E3C3225296C6002E891C /* Alien2_Weapon@3x.png in Resources */,
				CA640C9D222872F8004905E0 /* Assets.xcassets in Resources */,
				CAC2C6F2225800FE00C5A78D /* Artro_Small@3x.png in Resources */,
				CA640CA52228784D004905E0 /* cloud2.png in Resources */,
				CA1E76EE223C55CD00EA0FAF /* Nineum2_Small@3x.png in Resources */,
				CAB4EAED221F693D0066EDC4 /* LaunchScreen.storyboard in Resources */,
				CA640C8F22285811004905E0 /* spark.png in Resources */,
				CA1E76E8223C55CD00EA0FAF /* Nineum2_Small.png in Resources */,
				CA1E76E2223C55CD00EA0FAF /* Nineum7_Small@2x.png in Resources */,
				CA1E76F0223C55CD00EA0FAF /* Nineum3_Small@3x.png in Resources */,
				CAC2C6DE2257D26000C5A78D /* Alien2_Fight@3x.png in Resources */,
				CA640C6E22260378004905E0 /* grassy_lake.png in Resources */,
				CA1E76EF223C55CD00EA0FAF /* Nineum4_Small.png in Resources */,
				CA46E3C4225296C6002E891C /* Alien1_Rest@3x.png in Resources */,
				CA46E3C6225296C6002E891C /* Background@3x.png in Resources */,
				CAB4EAE1221F693B0066EDC4 /* Actions.sks in Resources */,
				CAC2C6EF225800FE00C5A78D /* IO_Small@3x.png in Resources */,
				CA1E76ED223C55CD00EA0FAF /* Nineum5_Small.png in Resources */,
				CAC2C6F0225800FE00C5A78D /* Artro_Large@3x.png in Resources */,
				CA640C9522285A81004905E0 /* runeIsa.png in Resources */,
				CA1E76E4223C55CD00EA0FAF /* Nineum7_Small.png in Resources */,
				CAC2C6EE225800FE00C5A78D /* AlienBoss_Rest@3x.png in Resources */,
			);
			runOnlyForDeploymentPostprocessing = 0;
		};
		CAB4EAF1221F693D0066EDC4 /* Resources */ = {
			isa = PBXResourcesBuildPhase;
			buildActionMask = 2147483647;
			files = (
			);
			runOnlyForDeploymentPostprocessing = 0;
		};
		CAB4EAFC221F693D0066EDC4 /* Resources */ = {
			isa = PBXResourcesBuildPhase;
			buildActionMask = 2147483647;
			files = (
			);
			runOnlyForDeploymentPostprocessing = 0;
		};
/* End PBXResourcesBuildPhase section */

/* Begin PBXShellScriptBuildPhase section */
		1B301303F2017219A4EBDD78 /* [CP] Check Pods Manifest.lock */ = {
			isa = PBXShellScriptBuildPhase;
			buildActionMask = 2147483647;
			files = (
			);
			inputFileListPaths = (
			);
			inputPaths = (
				"${PODS_PODFILE_DIR_PATH}/Podfile.lock",
				"${PODS_ROOT}/Manifest.lock",
			);
			name = "[CP] Check Pods Manifest.lock";
			outputFileListPaths = (
			);
			outputPaths = (
				"$(DERIVED_FILE_DIR)/Pods-The Ballad of Lorbert-checkManifestLockResult.txt",
			);
			runOnlyForDeploymentPostprocessing = 0;
			shellPath = /bin/sh;
			shellScript = "diff \"${PODS_PODFILE_DIR_PATH}/Podfile.lock\" \"${PODS_ROOT}/Manifest.lock\" > /dev/null\nif [ $? != 0 ] ; then\n    # print error to STDERR\n    echo \"error: The sandbox is not in sync with the Podfile.lock. Run 'pod install' or update your CocoaPods installation.\" >&2\n    exit 1\nfi\n# This output is used by Xcode 'outputs' to avoid re-running this script phase.\necho \"SUCCESS\" > \"${SCRIPT_OUTPUT_FILE_0}\"\n";
			showEnvVarsInLog = 0;
		};
		3BD0CE89A0BC2919F74BA553 /* [CP] Check Pods Manifest.lock */ = {
			isa = PBXShellScriptBuildPhase;
			buildActionMask = 2147483647;
			files = (
			);
			inputFileListPaths = (
			);
			inputPaths = (
				"${PODS_PODFILE_DIR_PATH}/Podfile.lock",
				"${PODS_ROOT}/Manifest.lock",
			);
			name = "[CP] Check Pods Manifest.lock";
			outputFileListPaths = (
			);
			outputPaths = (
				"$(DERIVED_FILE_DIR)/Pods-The Ballad of SigurdUITests-checkManifestLockResult.txt",
			);
			runOnlyForDeploymentPostprocessing = 0;
			shellPath = /bin/sh;
			shellScript = "diff \"${PODS_PODFILE_DIR_PATH}/Podfile.lock\" \"${PODS_ROOT}/Manifest.lock\" > /dev/null\nif [ $? != 0 ] ; then\n    # print error to STDERR\n    echo \"error: The sandbox is not in sync with the Podfile.lock. Run 'pod install' or update your CocoaPods installation.\" >&2\n    exit 1\nfi\n# This output is used by Xcode 'outputs' to avoid re-running this script phase.\necho \"SUCCESS\" > \"${SCRIPT_OUTPUT_FILE_0}\"\n";
			showEnvVarsInLog = 0;
		};
		67233363110ACC25A240FF08 /* [CP] Embed Pods Frameworks */ = {
			isa = PBXShellScriptBuildPhase;
			buildActionMask = 2147483647;
			files = (
			);
			inputFileListPaths = (
			);
			inputPaths = (
				"${PODS_ROOT}/Target Support Files/Pods-The Ballad of Lorbert/Pods-The Ballad of Lorbert-frameworks.sh",
				"${BUILT_PRODUCTS_DIR}/PlanetNineGateway/PlanetNineGateway.framework",
				"${BUILT_PRODUCTS_DIR}/Valet/Valet.framework",
			);
			name = "[CP] Embed Pods Frameworks";
			outputFileListPaths = (
			);
			outputPaths = (
				"${TARGET_BUILD_DIR}/${FRAMEWORKS_FOLDER_PATH}/PlanetNineGateway.framework",
				"${TARGET_BUILD_DIR}/${FRAMEWORKS_FOLDER_PATH}/Valet.framework",
			);
			runOnlyForDeploymentPostprocessing = 0;
			shellPath = /bin/sh;
			shellScript = "\"${PODS_ROOT}/Target Support Files/Pods-The Ballad of Lorbert/Pods-The Ballad of Lorbert-frameworks.sh\"\n";
			showEnvVarsInLog = 0;
		};
		95F83BD59EBBF01D42FE803D /* [CP] Check Pods Manifest.lock */ = {
			isa = PBXShellScriptBuildPhase;
			buildActionMask = 2147483647;
			files = (
			);
			inputFileListPaths = (
			);
			inputPaths = (
				"${PODS_PODFILE_DIR_PATH}/Podfile.lock",
				"${PODS_ROOT}/Manifest.lock",
			);
			name = "[CP] Check Pods Manifest.lock";
			outputFileListPaths = (
			);
			outputPaths = (
				"$(DERIVED_FILE_DIR)/Pods-The Ballad of SigurdTests-checkManifestLockResult.txt",
			);
			runOnlyForDeploymentPostprocessing = 0;
			shellPath = /bin/sh;
			shellScript = "diff \"${PODS_PODFILE_DIR_PATH}/Podfile.lock\" \"${PODS_ROOT}/Manifest.lock\" > /dev/null\nif [ $? != 0 ] ; then\n    # print error to STDERR\n    echo \"error: The sandbox is not in sync with the Podfile.lock. Run 'pod install' or update your CocoaPods installation.\" >&2\n    exit 1\nfi\n# This output is used by Xcode 'outputs' to avoid re-running this script phase.\necho \"SUCCESS\" > \"${SCRIPT_OUTPUT_FILE_0}\"\n";
			showEnvVarsInLog = 0;
		};
/* End PBXShellScriptBuildPhase section */

/* Begin PBXSourcesBuildPhase section */
		CAB4EAD5221F693B0066EDC4 /* Sources */ = {
			isa = PBXSourcesBuildPhase;
			buildActionMask = 2147483647;
			files = (
				CA46E3D02252B72C002E891C /* AndersAttack.swift in Sources */,
				CAB009B722458DCD00900F3E /* CharacterSelector.swift in Sources */,
				CA640C8B22274F54004905E0 /* DrawingManager.swift in Sources */,
				CAB4EC23221F6AB90066EDC4 /* AbstractScene.swift in Sources */,
				CA640C9122285986004905E0 /* AbstractBattleRune.swift in Sources */,
				CA75E204222DCF7300F2D5B8 /* BattleDialog.swift in Sources */,
				CA640C3D22209A40004905E0 /* InventoryManager.swift in Sources */,
				CA640C35222098E4004905E0 /* Shield.swift in Sources */,
				CA640C7C22260EFC004905E0 /* BattleControls.swift in Sources */,
				CA640C7022260492004905E0 /* BattleSigurd.swift in Sources */,
				CA640C672225F1CC004905E0 /* InventoryScene.swift in Sources */,
				CA640C3F22209AD1004905E0 /* InventoryItem.swift in Sources */,
				CA640C8222273D0C004905E0 /* WoodElemental.swift in Sources */,
				CAB4EAE3221F693B0066EDC4 /* GameScene.swift in Sources */,
				CA640C33222098CE004905E0 /* Bracers.swift in Sources */,
				CA640CAD2229E6EE004905E0 /* TutorialControls.swift in Sources */,
				CAB4EC1E221F6A570066EDC4 /* JSTileMap.m in Sources */,
				CAC2C6F4225805FB00C5A78D /* BossAttack.swift in Sources */,
				CA1E76C5223C3BE500EA0FAF /* InventorySelector.swift in Sources */,
				CA46E3D62253EC91002E891C /* InventoryButton.swift in Sources */,
				CAB4EAE5221F693B0066EDC4 /* GameViewController.swift in Sources */,
				CA1E76C8223C54FA00EA0FAF /* InventorySelectorTableViewCell.swift in Sources */,
				CA640CAB2229E601004905E0 /* TutorialScene.swift in Sources */,
				CA640C6522249E65004905E0 /* UserModel.swift in Sources */,
				CA640C722226053A004905E0 /* AbstractBattleCharacter.swift in Sources */,
				CA640C6222249AE9004905E0 /* Crypto.swift in Sources */,
				CAB4EC1D221F6A570066EDC4 /* LFCGzipUtility.m in Sources */,
				CA75E206222DEE5600F2D5B8 /* StatusBar.swift in Sources */,
				CA640C782226077B004905E0 /* BattleBryn.swift in Sources */,
				CA640C692225F80A004905E0 /* BattleScene.swift in Sources */,
				CA1E76C3223C28A200EA0FAF /* EquipmentConsole.swift in Sources */,
				CA640C8722274274004905E0 /* AbstractBattleEffect.swift in Sources */,
				CA640C3B22209925004905E0 /* Gloves.swift in Sources */,
				CA640C9922287298004905E0 /* Healing.swift in Sources */,
				CA46E3CC2252B234002E891C /* SigurdAttack.swift in Sources */,
				CA640C2F222098AF004905E0 /* Helm.swift in Sources */,
				CAB009B9224964B700900F3E /* CharacterSelected.swift in Sources */,
				CA640C5F222491E3004905E0 /* AbstractBattleEnemy.swift in Sources */,
				CAB009B5223DA0DA00900F3E /* InventoryControls.swift in Sources */,
				CAB009BB224964C500900F3E /* ExitButton.swift in Sources */,
				CA640C392220990B004905E0 /* Boots.swift in Sources */,
				CA640C2722209682004905E0 /* AbstractPlayerCharacter.swift in Sources */,
				CAB4EADD221F693B0066EDC4 /* AppDelegate.swift in Sources */,
				CA640C2B2220987D004905E0 /* Rune.swift in Sources */,
				CA640C5D22248A8B004905E0 /* Utils.swift in Sources */,
				CA640C37222098FA004905E0 /* Necklace.swift in Sources */,
				CA640CAF2229E8D3004905E0 /* AbstractControls.swift in Sources */,
				CA46E3CE2252B4A8002E891C /* BattleAnders.swift in Sources */,
				CA46E3D42253E279002E891C /* SpecialPowerButton.swift in Sources */,
				CA640C31222098BD004905E0 /* BodyArmor.swift in Sources */,
				CA640C2D2220988F004905E0 /* Weapon.swift in Sources */,
				CA46E3CA2252ACD3002E891C /* BrynAttack.swift in Sources */,
				CA640C7A22260A3F004905E0 /* Structs.swift in Sources */,
				CA640C4222209BBC004905E0 /* Enums.swift in Sources */,
				CA640C93222859CD004905E0 /* BattleIsa.swift in Sources */,
				CA640C892227429C004905E0 /* Damage.swift in Sources */,
				CA75E209222F377B00F2D5B8 /* StatColumn.swift in Sources */,
			);
			runOnlyForDeploymentPostprocessing = 0;
		};
		CAB4EAEF221F693D0066EDC4 /* Sources */ = {
			isa = PBXSourcesBuildPhase;
			buildActionMask = 2147483647;
			files = (
				CAB4EAF8221F693D0066EDC4 /* The_Ballad_of_SigurdTests.swift in Sources */,
			);
			runOnlyForDeploymentPostprocessing = 0;
		};
		CAB4EAFA221F693D0066EDC4 /* Sources */ = {
			isa = PBXSourcesBuildPhase;
			buildActionMask = 2147483647;
			files = (
				CAB4EB03221F693D0066EDC4 /* The_Ballad_of_SigurdUITests.swift in Sources */,
			);
			runOnlyForDeploymentPostprocessing = 0;
		};
/* End PBXSourcesBuildPhase section */

/* Begin PBXTargetDependency section */
		CAB4EAF5221F693D0066EDC4 /* PBXTargetDependency */ = {
			isa = PBXTargetDependency;
			target = CAB4EAD8221F693B0066EDC4 /* The Ballad of Lorbert */;
			targetProxy = CAB4EAF4221F693D0066EDC4 /* PBXContainerItemProxy */;
		};
		CAB4EB00221F693D0066EDC4 /* PBXTargetDependency */ = {
			isa = PBXTargetDependency;
			target = CAB4EAD8221F693B0066EDC4 /* The Ballad of Lorbert */;
			targetProxy = CAB4EAFF221F693D0066EDC4 /* PBXContainerItemProxy */;
		};
/* End PBXTargetDependency section */

/* Begin PBXVariantGroup section */
		CAB4EAE6221F693B0066EDC4 /* Main.storyboard */ = {
			isa = PBXVariantGroup;
			children = (
				CAB4EAE7221F693B0066EDC4 /* Base */,
			);
			name = Main.storyboard;
			sourceTree = "<group>";
		};
		CAB4EAEB221F693D0066EDC4 /* LaunchScreen.storyboard */ = {
			isa = PBXVariantGroup;
			children = (
				CAB4EAEC221F693D0066EDC4 /* Base */,
			);
			name = LaunchScreen.storyboard;
			sourceTree = "<group>";
		};
/* End PBXVariantGroup section */

/* Begin XCBuildConfiguration section */
		CAB4EB05221F693D0066EDC4 /* Debug */ = {
			isa = XCBuildConfiguration;
			buildSettings = {
				ALWAYS_SEARCH_USER_PATHS = NO;
				CLANG_ANALYZER_NONNULL = YES;
				CLANG_ANALYZER_NUMBER_OBJECT_CONVERSION = YES_AGGRESSIVE;
				CLANG_CXX_LANGUAGE_STANDARD = "gnu++14";
				CLANG_CXX_LIBRARY = "libc++";
				CLANG_ENABLE_MODULES = YES;
				CLANG_ENABLE_OBJC_ARC = YES;
				CLANG_ENABLE_OBJC_WEAK = YES;
				CLANG_WARN_BLOCK_CAPTURE_AUTORELEASING = YES;
				CLANG_WARN_BOOL_CONVERSION = YES;
				CLANG_WARN_COMMA = YES;
				CLANG_WARN_CONSTANT_CONVERSION = YES;
				CLANG_WARN_DEPRECATED_OBJC_IMPLEMENTATIONS = YES;
				CLANG_WARN_DIRECT_OBJC_ISA_USAGE = YES_ERROR;
				CLANG_WARN_DOCUMENTATION_COMMENTS = YES;
				CLANG_WARN_EMPTY_BODY = YES;
				CLANG_WARN_ENUM_CONVERSION = YES;
				CLANG_WARN_INFINITE_RECURSION = YES;
				CLANG_WARN_INT_CONVERSION = YES;
				CLANG_WARN_NON_LITERAL_NULL_CONVERSION = YES;
				CLANG_WARN_OBJC_IMPLICIT_RETAIN_SELF = YES;
				CLANG_WARN_OBJC_LITERAL_CONVERSION = YES;
				CLANG_WARN_OBJC_ROOT_CLASS = YES_ERROR;
				CLANG_WARN_RANGE_LOOP_ANALYSIS = YES;
				CLANG_WARN_STRICT_PROTOTYPES = YES;
				CLANG_WARN_SUSPICIOUS_MOVE = YES;
				CLANG_WARN_UNGUARDED_AVAILABILITY = YES_AGGRESSIVE;
				CLANG_WARN_UNREACHABLE_CODE = YES;
				CLANG_WARN__DUPLICATE_METHOD_MATCH = YES;
				CODE_SIGN_IDENTITY = "iPhone Developer";
				COPY_PHASE_STRIP = NO;
				DEBUG_INFORMATION_FORMAT = dwarf;
				ENABLE_STRICT_OBJC_MSGSEND = YES;
				ENABLE_TESTABILITY = YES;
				GCC_C_LANGUAGE_STANDARD = gnu11;
				GCC_DYNAMIC_NO_PIC = NO;
				GCC_NO_COMMON_BLOCKS = YES;
				GCC_OPTIMIZATION_LEVEL = 0;
				GCC_PREPROCESSOR_DEFINITIONS = (
					"DEBUG=1",
					"$(inherited)",
				);
				GCC_WARN_64_TO_32_BIT_CONVERSION = YES;
				GCC_WARN_ABOUT_RETURN_TYPE = YES_ERROR;
				GCC_WARN_UNDECLARED_SELECTOR = YES;
				GCC_WARN_UNINITIALIZED_AUTOS = YES_AGGRESSIVE;
				GCC_WARN_UNUSED_FUNCTION = YES;
				GCC_WARN_UNUSED_VARIABLE = YES;
				IPHONEOS_DEPLOYMENT_TARGET = 12.1;
				MTL_ENABLE_DEBUG_INFO = INCLUDE_SOURCE;
				MTL_FAST_MATH = YES;
				ONLY_ACTIVE_ARCH = YES;
				SDKROOT = iphoneos;
				SWIFT_ACTIVE_COMPILATION_CONDITIONS = DEBUG;
				SWIFT_OPTIMIZATION_LEVEL = "-Onone";
			};
			name = Debug;
		};
		CAB4EB06221F693D0066EDC4 /* Release */ = {
			isa = XCBuildConfiguration;
			buildSettings = {
				ALWAYS_SEARCH_USER_PATHS = NO;
				CLANG_ANALYZER_NONNULL = YES;
				CLANG_ANALYZER_NUMBER_OBJECT_CONVERSION = YES_AGGRESSIVE;
				CLANG_CXX_LANGUAGE_STANDARD = "gnu++14";
				CLANG_CXX_LIBRARY = "libc++";
				CLANG_ENABLE_MODULES = YES;
				CLANG_ENABLE_OBJC_ARC = YES;
				CLANG_ENABLE_OBJC_WEAK = YES;
				CLANG_WARN_BLOCK_CAPTURE_AUTORELEASING = YES;
				CLANG_WARN_BOOL_CONVERSION = YES;
				CLANG_WARN_COMMA = YES;
				CLANG_WARN_CONSTANT_CONVERSION = YES;
				CLANG_WARN_DEPRECATED_OBJC_IMPLEMENTATIONS = YES;
				CLANG_WARN_DIRECT_OBJC_ISA_USAGE = YES_ERROR;
				CLANG_WARN_DOCUMENTATION_COMMENTS = YES;
				CLANG_WARN_EMPTY_BODY = YES;
				CLANG_WARN_ENUM_CONVERSION = YES;
				CLANG_WARN_INFINITE_RECURSION = YES;
				CLANG_WARN_INT_CONVERSION = YES;
				CLANG_WARN_NON_LITERAL_NULL_CONVERSION = YES;
				CLANG_WARN_OBJC_IMPLICIT_RETAIN_SELF = YES;
				CLANG_WARN_OBJC_LITERAL_CONVERSION = YES;
				CLANG_WARN_OBJC_ROOT_CLASS = YES_ERROR;
				CLANG_WARN_RANGE_LOOP_ANALYSIS = YES;
				CLANG_WARN_STRICT_PROTOTYPES = YES;
				CLANG_WARN_SUSPICIOUS_MOVE = YES;
				CLANG_WARN_UNGUARDED_AVAILABILITY = YES_AGGRESSIVE;
				CLANG_WARN_UNREACHABLE_CODE = YES;
				CLANG_WARN__DUPLICATE_METHOD_MATCH = YES;
				CODE_SIGN_IDENTITY = "iPhone Developer";
				COPY_PHASE_STRIP = NO;
				DEBUG_INFORMATION_FORMAT = "dwarf-with-dsym";
				ENABLE_NS_ASSERTIONS = NO;
				ENABLE_STRICT_OBJC_MSGSEND = YES;
				GCC_C_LANGUAGE_STANDARD = gnu11;
				GCC_NO_COMMON_BLOCKS = YES;
				GCC_WARN_64_TO_32_BIT_CONVERSION = YES;
				GCC_WARN_ABOUT_RETURN_TYPE = YES_ERROR;
				GCC_WARN_UNDECLARED_SELECTOR = YES;
				GCC_WARN_UNINITIALIZED_AUTOS = YES_AGGRESSIVE;
				GCC_WARN_UNUSED_FUNCTION = YES;
				GCC_WARN_UNUSED_VARIABLE = YES;
				IPHONEOS_DEPLOYMENT_TARGET = 12.1;
				MTL_ENABLE_DEBUG_INFO = NO;
				MTL_FAST_MATH = YES;
				SDKROOT = iphoneos;
				SWIFT_COMPILATION_MODE = wholemodule;
				SWIFT_OPTIMIZATION_LEVEL = "-O";
				VALIDATE_PRODUCT = YES;
			};
			name = Release;
		};
		CAB4EB08221F693D0066EDC4 /* Debug */ = {
			isa = XCBuildConfiguration;
			baseConfigurationReference = F0C9CAB01E76AF73A73A2C90 /* Pods-The Ballad of Lorbert.debug.xcconfig */;
			buildSettings = {
				ASSETCATALOG_COMPILER_APPICON_NAME = AppIcon;
				CLANG_ENABLE_MODULES = YES;
				CODE_SIGN_STYLE = Automatic;
				DEVELOPMENT_TEAM = RLJ2FY35FD;
				INFOPLIST_FILE = "The Ballad of Sigurd/Info.plist";
				LD_RUNPATH_SEARCH_PATHS = (
					"$(inherited)",
					"@executable_path/Frameworks",
				);
				PRODUCT_BUNDLE_IDENTIFIER = "com.planetnine.The-Ballad-of-Sigurd";
				PRODUCT_NAME = "$(TARGET_NAME)";
				SWIFT_OBJC_BRIDGING_HEADER = "The Ballad of Sigurd/The Ballad of Sigurd-Bridging-Header.h";
				SWIFT_OPTIMIZATION_LEVEL = "-Onone";
				SWIFT_VERSION = 5.0;
				TARGETED_DEVICE_FAMILY = "1,2";
			};
			name = Debug;
		};
		CAB4EB09221F693D0066EDC4 /* Release */ = {
			isa = XCBuildConfiguration;
			baseConfigurationReference = 24D633CB94050B79DD329C7B /* Pods-The Ballad of Lorbert.release.xcconfig */;
			buildSettings = {
				ASSETCATALOG_COMPILER_APPICON_NAME = AppIcon;
				CLANG_ENABLE_MODULES = YES;
				CODE_SIGN_STYLE = Automatic;
				DEVELOPMENT_TEAM = RLJ2FY35FD;
				INFOPLIST_FILE = "The Ballad of Sigurd/Info.plist";
				LD_RUNPATH_SEARCH_PATHS = (
					"$(inherited)",
					"@executable_path/Frameworks",
				);
				PRODUCT_BUNDLE_IDENTIFIER = "com.planetnine.The-Ballad-of-Sigurd";
				PRODUCT_NAME = "$(TARGET_NAME)";
				SWIFT_OBJC_BRIDGING_HEADER = "The Ballad of Sigurd/The Ballad of Sigurd-Bridging-Header.h";
				SWIFT_VERSION = 5.0;
				TARGETED_DEVICE_FAMILY = "1,2";
			};
			name = Release;
		};
		CAB4EB0B221F693D0066EDC4 /* Debug */ = {
			isa = XCBuildConfiguration;
			baseConfigurationReference = EF9FC4E34C3984F6686151D6 /* Pods-The Ballad of SigurdTests.debug.xcconfig */;
			buildSettings = {
				ALWAYS_EMBED_SWIFT_STANDARD_LIBRARIES = YES;
				BUNDLE_LOADER = "$(TEST_HOST)";
				CODE_SIGN_STYLE = Automatic;
				INFOPLIST_FILE = "The Ballad of SigurdTests/Info.plist";
				LD_RUNPATH_SEARCH_PATHS = (
					"$(inherited)",
					"@executable_path/Frameworks",
					"@loader_path/Frameworks",
				);
				PRODUCT_BUNDLE_IDENTIFIER = "com.planetnine.The-Ballad-of-SigurdTests";
				PRODUCT_NAME = "$(TARGET_NAME)";
				SWIFT_VERSION = 4.2;
				TARGETED_DEVICE_FAMILY = "1,2";
				TEST_HOST = "$(BUILT_PRODUCTS_DIR)/The Ballad of Sigurd.app/The Ballad of Sigurd";
			};
			name = Debug;
		};
		CAB4EB0C221F693D0066EDC4 /* Release */ = {
			isa = XCBuildConfiguration;
			baseConfigurationReference = 510F921F2FBEA32777BD9CB4 /* Pods-The Ballad of SigurdTests.release.xcconfig */;
			buildSettings = {
				ALWAYS_EMBED_SWIFT_STANDARD_LIBRARIES = YES;
				BUNDLE_LOADER = "$(TEST_HOST)";
				CODE_SIGN_STYLE = Automatic;
				INFOPLIST_FILE = "The Ballad of SigurdTests/Info.plist";
				LD_RUNPATH_SEARCH_PATHS = (
					"$(inherited)",
					"@executable_path/Frameworks",
					"@loader_path/Frameworks",
				);
				PRODUCT_BUNDLE_IDENTIFIER = "com.planetnine.The-Ballad-of-SigurdTests";
				PRODUCT_NAME = "$(TARGET_NAME)";
				SWIFT_VERSION = 4.2;
				TARGETED_DEVICE_FAMILY = "1,2";
				TEST_HOST = "$(BUILT_PRODUCTS_DIR)/The Ballad of Sigurd.app/The Ballad of Sigurd";
			};
			name = Release;
		};
		CAB4EB0E221F693D0066EDC4 /* Debug */ = {
			isa = XCBuildConfiguration;
			baseConfigurationReference = AE82BB8F9771EABDB5D8FCF8 /* Pods-The Ballad of SigurdUITests.debug.xcconfig */;
			buildSettings = {
				ALWAYS_EMBED_SWIFT_STANDARD_LIBRARIES = YES;
				CODE_SIGN_STYLE = Automatic;
				INFOPLIST_FILE = "The Ballad of SigurdUITests/Info.plist";
				LD_RUNPATH_SEARCH_PATHS = (
					"$(inherited)",
					"@executable_path/Frameworks",
					"@loader_path/Frameworks",
				);
				PRODUCT_BUNDLE_IDENTIFIER = "com.planetnine.The-Ballad-of-SigurdUITests";
				PRODUCT_NAME = "$(TARGET_NAME)";
				SWIFT_VERSION = 4.2;
				TARGETED_DEVICE_FAMILY = "1,2";
				TEST_TARGET_NAME = "The Ballad of Sigurd";
			};
			name = Debug;
		};
		CAB4EB0F221F693D0066EDC4 /* Release */ = {
			isa = XCBuildConfiguration;
			baseConfigurationReference = 4B6C69EF00AF47D5B0D6E6E2 /* Pods-The Ballad of SigurdUITests.release.xcconfig */;
			buildSettings = {
				ALWAYS_EMBED_SWIFT_STANDARD_LIBRARIES = YES;
				CODE_SIGN_STYLE = Automatic;
				INFOPLIST_FILE = "The Ballad of SigurdUITests/Info.plist";
				LD_RUNPATH_SEARCH_PATHS = (
					"$(inherited)",
					"@executable_path/Frameworks",
					"@loader_path/Frameworks",
				);
				PRODUCT_BUNDLE_IDENTIFIER = "com.planetnine.The-Ballad-of-SigurdUITests";
				PRODUCT_NAME = "$(TARGET_NAME)";
				SWIFT_VERSION = 4.2;
				TARGETED_DEVICE_FAMILY = "1,2";
				TEST_TARGET_NAME = "The Ballad of Sigurd";
			};
			name = Release;
		};
/* End XCBuildConfiguration section */

/* Begin XCConfigurationList section */
		CAB4EAD4221F693B0066EDC4 /* Build configuration list for PBXProject "The Ballad of Sigurd" */ = {
			isa = XCConfigurationList;
			buildConfigurations = (
				CAB4EB05221F693D0066EDC4 /* Debug */,
				CAB4EB06221F693D0066EDC4 /* Release */,
			);
			defaultConfigurationIsVisible = 0;
			defaultConfigurationName = Release;
		};
		CAB4EB07221F693D0066EDC4 /* Build configuration list for PBXNativeTarget "The Ballad of Lorbert" */ = {
			isa = XCConfigurationList;
			buildConfigurations = (
				CAB4EB08221F693D0066EDC4 /* Debug */,
				CAB4EB09221F693D0066EDC4 /* Release */,
			);
			defaultConfigurationIsVisible = 0;
			defaultConfigurationName = Release;
		};
		CAB4EB0A221F693D0066EDC4 /* Build configuration list for PBXNativeTarget "The Ballad of SigurdTests" */ = {
			isa = XCConfigurationList;
			buildConfigurations = (
				CAB4EB0B221F693D0066EDC4 /* Debug */,
				CAB4EB0C221F693D0066EDC4 /* Release */,
			);
			defaultConfigurationIsVisible = 0;
			defaultConfigurationName = Release;
		};
		CAB4EB0D221F693D0066EDC4 /* Build configuration list for PBXNativeTarget "The Ballad of SigurdUITests" */ = {
			isa = XCConfigurationList;
			buildConfigurations = (
				CAB4EB0E221F693D0066EDC4 /* Debug */,
				CAB4EB0F221F693D0066EDC4 /* Release */,
			);
			defaultConfigurationIsVisible = 0;
			defaultConfigurationName = Release;
		};
/* End XCConfigurationList section */
	};
	rootObject = CAB4EAD1221F693B0066EDC4 /* Project object */;
}
